{
  "version": 1,
  "dependencies": {
    ".NETFramework,Version=v4.7.2": {
      "Google.Protobuf": {
        "type": "Transitive",
        "resolved": "3.21.12",
        "contentHash": "1TXWxQy0PDDM1NC/LojlX4YVh7NhOvvyriCfERzeUVTp0XNXv8mo/AyWxDYCvMQ9xRZHUVdWoE4/B8ridP8Btg==",
        "dependencies": {
          "System.Memory": "4.5.3"
        }
      },
      "Grpc": {
        "type": "Transitive",
        "resolved": "2.46.6",
        "contentHash": "vpC39vgCxbVBnsn8boeQv2aGIdEFqQMnjsoDvyYfr6tC93Fe9KqNG1mAiF6KLzJTwk6aiWHGNYE2EqmDUzk5ng==",
        "dependencies": {
          "Grpc.Core": "2.46.6"
        }
      },
      "Grpc.Core": {
        "type": "Transitive",
        "resolved": "2.46.6",
        "contentHash": "ZoRg3KmOJ2urTF4+u3H0b1Yv10xzz2Y/flFWS2tnRmj8dbKLeiJaSRqu4LOBD3ova90evqLkVZ85kUkC4JT4lw==",
        "dependencies": {
          "Grpc.Core.Api": "2.46.6",
          "System.Memory": "4.5.3"
        }
      },
      "Grpc.Core.Api": {
        "type": "Transitive",
        "resolved": "2.46.6",
        "contentHash": "Z7HJGqJYyKb53qfp1jf0wRDYs3sxOnkAFxXAW6q52LLmX/zxzjtFLI9eaWO5UC0weiWjn4iT1FzR+tj9qYZAMg==",
        "dependencies": {
          "System.Memory": "4.5.3"
        }
      },
      "Mead.MusicBee": {
        "type": "Transitive",
        "resolved": "1.1.1",
        "contentHash": "CibfHF0f3boyoUDYWCBqHgn/EOi5dbyDzxL50mIQ61eVlP2e1ipcGBQFjEKZK7xCZMVtOyhSvma6xU5gZEBmcw=="
      },
      "Mead.MusicBee.MetaInfo": {
        "type": "Transitive",
        "resolved": "1.0.1",
        "contentHash": "gRP1AU0vzCnMw9jgZ/76ClQ3rtCvVW3LJyCVF64/+lGbCjjOSsl0OzOXalGmAAF6dcJ0T1DICeZf+iUO/9k58Q==",
        "dependencies": {
          "Mead.MusicBee": "1.1.1"
        }
      },
      "System.Buffers": {
        "type": "Transitive",
        "resolved": "4.4.0",
        "contentHash": "AwarXzzoDwX6BgrhjoJsk6tUezZEozOT5Y9QKF94Gl4JK91I4PIIBkBco9068Y9/Dra8Dkbie99kXB8+1BaYKw=="
      },
      "System.Memory": {
        "type": "Transitive",
        "resolved": "4.5.3",
        "contentHash": "3oDzvc/zzetpTKWMShs1AADwZjQ/36HnsufHRPcOjyRAAMLDlu2iD33MBI2opxnezcVUtXyqDXXjoFMOU9c7SA==",
        "dependencies": {
          "System.Buffers": "4.4.0",
          "System.Numerics.Vectors": "4.4.0",
          "System.Runtime.CompilerServices.Unsafe": "4.5.2"
        }
      },
      "System.Numerics.Vectors": {
        "type": "Transitive",
        "resolved": "4.4.0",
        "contentHash": "UiLzLW+Lw6HLed1Hcg+8jSRttrbuXv7DANVj0DkL9g6EnnzbL75EB7EWsw5uRbhxd/4YdG8li5XizGWepmG3PQ=="
      },
      "System.Runtime.CompilerServices.Unsafe": {
        "type": "Transitive",
        "resolved": "4.5.2",
        "contentHash": "wprSFgext8cwqymChhrBLu62LMg/1u92bU+VOwyfBimSPVFXtsNqEWC92Pf9ofzJFlk4IHmJA75EDJn1b2goAQ=="
      },
      "hackmodule.assemblybindingredirect": {
        "type": "Project"
      },
      "module.remotemusicbeeapi": {
        "type": "Project",
        "dependencies": {
          "Google.Protobuf": "[3.21.12, )",
          "Grpc": "[2.46.6, )",
          "Mead.MusicBee.MetaInfo": "[1.0.1, )"
        }
      }
    }
  }
}