
Microsoft Visual Studio Solution File, Format Version 12.00
Project("{2150E333-8FDC-42A3-9474-1A3956D46DE8}") = "Modules", "Modules", "{D7E52F12-14D4-46BC-AB5A-E1EEC8E39D88}"
EndProject
Project("{2150E333-8FDC-42A3-9474-1A3956D46DE8}") = "SolutionFiles", "SolutionFiles", "{65A07AE9-C73B-445C-9612-105D94E65F3C}"
	ProjectSection(SolutionItems) = preProject
		.gitignore = .gitignore
		copy_dll.ps1 = copy_dll.ps1
		configuration.json = configuration.json
		configuration.schema.json = configuration.schema.json
		ef6.ps1 = ef6.ps1
		ef6.migrations.enable.ps1 = ef6.migrations.enable.ps1
		migrations_common.ps1 = migrations_common.ps1
		ef6.migrations.add.ps1 = ef6.migrations.add.ps1
		ef6.database.update.ps1 = ef6.database.update.ps1
	EndProjectSection
EndProject
Project("{2150E333-8FDC-42A3-9474-1A3956D46DE8}") = "Debug", "Debug", "{09040EAB-CB3C-4F82-B73E-98BDADDC5511}"
EndProject
Project("{FAE04EC0-301F-11D3-BF4B-00C04F79EFBC}") = "Module.Core", "Module.Core\Module.Core.csproj", "{E16591F9-37B9-4F2F-A8AA-E755DCC4243D}"
EndProject
Project("{FAE04EC0-301F-11D3-BF4B-00C04F79EFBC}") = "HackModule.AssemblyBindingRedirect", "HackModule.AssemblyBindingRedirect\HackModule.AssemblyBindingRedirect.csproj", "{E9ED5B16-E1DF-4911-A579-947EC6A67928}"
EndProject
Project("{FAE04EC0-301F-11D3-BF4B-00C04F79EFBC}") = "Module.MusicBee.Extension", "Module.MusicBee.Extension\Module.MusicBee.Extension.csproj", "{2F0915B5-9892-4EE3-A938-2C9C518F5E75}"
EndProject
Project("{FAE04EC0-301F-11D3-BF4B-00C04F79EFBC}") = "Module.Mvvm.Extension", "Module.Mvvm.Extension\Module.Mvvm.Extension.csproj", "{36D42561-EEC8-45FB-B1BA-E49815D3CAD7}"
EndProject
Project("{FAE04EC0-301F-11D3-BF4B-00C04F79EFBC}") = "Module.ArtworksSearcher", "Module.ArtworksSearcher\Module.ArtworksSearcher.csproj", "{A4184AAE-8044-46FF-8EF9-EB0A23A16A7D}"
EndProject
Project("{FAE04EC0-301F-11D3-BF4B-00C04F79EFBC}") = "Module.AudioSourcesComparer", "Module.AudioSourcesComparer\Module.AudioSourcesComparer.csproj", "{E8EFCB02-3097-4CA6-BCC2-82D69CC127E5}"
EndProject
Project("{FAE04EC0-301F-11D3-BF4B-00C04F79EFBC}") = "Module.DataExporter", "Module.DataExporter\Module.DataExporter.csproj", "{5E8249FD-D23F-4DC0-8C66-B82149383976}"
EndProject
Project("{FAE04EC0-301F-11D3-BF4B-00C04F79EFBC}") = "Module.InboxAdder", "Module.InboxAdder\Module.InboxAdder.csproj", "{19962312-F656-4A96-9AAB-5E230F0EDCDA}"
EndProject
Project("{FAE04EC0-301F-11D3-BF4B-00C04F79EFBC}") = "Module.MusicBee.Extension.LibraryQuerying", "Module.MusicBee.Extension.LibraryQuerying\Module.MusicBee.Extension.LibraryQuerying.csproj", "{9FF65B1F-0C23-4D88-8B71-A24B37D24162}"
EndProject
Project("{FAE04EC0-301F-11D3-BF4B-00C04F79EFBC}") = "Module.PlaylistsExporter", "Module.PlaylistsExporter\Module.PlaylistsExporter.csproj", "{917D2EDB-580E-4BDA-956F-95ADD1A9DB95}"
EndProject
Project("{FAE04EC0-301F-11D3-BF4B-00C04F79EFBC}") = "Module.VkAudioDownloader", "Module.VkAudioDownloader\Module.VkAudioDownloader.csproj", "{AF4F8C48-B567-449A-AF22-7B5A23495B10}"
EndProject
Project("{FAE04EC0-301F-11D3-BF4B-00C04F79EFBC}") = "Debug.Console", "Debug.Console\Debug.Console.csproj", "{5A72BCA6-7845-4473-93D5-344AEFFB1A09}"
EndProject
Project("{FAE04EC0-301F-11D3-BF4B-00C04F79EFBC}") = "Plugin.Main", "Plugin.Main\Plugin.Main.csproj", "{D1720C08-18CE-4F9F-835B-BCE291BC1CE3}"
EndProject
Project("{FAE04EC0-301F-11D3-BF4B-00C04F79EFBC}") = "Debug.Gui", "Debug.Gui\Debug.Gui.csproj", "{52DC24A4-27BF-4956-BFF5-89370B4733FA}"
EndProject
Project("{FAE04EC0-301F-11D3-BF4B-00C04F79EFBC}") = "Debug.Common", "Debug.Common\Debug.Common.csproj", "{7939AC91-A5B8-4B44-842E-CBF6AEB2D7D7}"
EndProject
Project("{FAE04EC0-301F-11D3-BF4B-00C04F79EFBC}") = "Debug.MusicSourcesStorage", "Debug.MusicSourcesStorage\Debug.MusicSourcesStorage.csproj", "{0F943117-4A0D-48C7-8FFB-D8E24F89F05A}"
EndProject
Project("{FAE04EC0-301F-11D3-BF4B-00C04F79EFBC}") = "Debug.Settings", "Debug.Settings\Debug.Settings.csproj", "{F6C65149-11A8-4D71-B44E-210D6063459C}"
EndProject
Project("{2150E333-8FDC-42A3-9474-1A3956D46DE8}") = "MusicSourcesStorage", "MusicSourcesStorage", "{8920EA49-0D7F-4AFE-B3BB-E42D458099A8}"
EndProject
Project("{FAE04EC0-301F-11D3-BF4B-00C04F79EFBC}") = "Module.MusicSourcesStorage", "Modules\MusicSourcesStorage\Module.MusicSourcesStorage\Module.MusicSourcesStorage.csproj", "{BF9991DD-3223-477A-8254-9DC17862C140}"
EndProject
Project("{FAE04EC0-301F-11D3-BF4B-00C04F79EFBC}") = "Module.MusicSourcesStorage.Logic", "Modules\MusicSourcesStorage\Module.MusicSourcesStorage.Logic\Module.MusicSourcesStorage.Logic.csproj", "{A8B7F5A4-1952-4C3B-9D1D-B810AC108838}"
EndProject
Project("{FAE04EC0-301F-11D3-BF4B-00C04F79EFBC}") = "Module.MusicSourcesStorage.Database", "Modules\MusicSourcesStorage\Module.MusicSourcesStorage.Database\Module.MusicSourcesStorage.Database.csproj", "{01F80914-2B53-4694-8280-4A3323F7CF18}"
EndProject
Project("{FAE04EC0-301F-11D3-BF4B-00C04F79EFBC}") = "Module.MusicSourcesStorage.Core", "Modules\MusicSourcesStorage\Module.MusicSourcesStorage.Core\Module.MusicSourcesStorage.Core.csproj", "{258FF41A-734F-4BEA-BA57-C74703E431C3}"
EndProject
Project("{FAE04EC0-301F-11D3-BF4B-00C04F79EFBC}") = "Module.MusicSourcesStorage.Gui", "Modules\MusicSourcesStorage\Module.MusicSourcesStorage.Gui\Module.MusicSourcesStorage.Gui.csproj", "{A17743B9-20C4-41D1-B491-24228BDF48C8}"
EndProject
Project("{2150E333-8FDC-42A3-9474-1A3956D46DE8}") = "Vk", "Vk", "{776651F7-9717-42F0-8877-2FC110C5DD8C}"
EndProject
Project("{FAE04EC0-301F-11D3-BF4B-00C04F79EFBC}") = "Module.Vk.Logic", "Modules\Vk\Module.Vk.Logic\Module.Vk.Logic.csproj", "{BC927907-01D9-4A69-AF85-AFEA17A6257A}"
EndProject
Project("{FAE04EC0-301F-11D3-BF4B-00C04F79EFBC}") = "Module.Vk.Gui", "Modules\Vk\Module.Vk.Gui\Module.Vk.Gui.csproj", "{7C92B011-55B2-404E-9B06-A07721AAA9A3}"
EndProject
Project("{FAE04EC0-301F-11D3-BF4B-00C04F79EFBC}") = "Module.Vk", "Modules\Vk\Module.Vk\Module.Vk.csproj", "{01F66A2C-E8A5-4BC1-B11B-E947CB679ADE}"
EndProject
Project("{2150E333-8FDC-42A3-9474-1A3956D46DE8}") = "Settings", "Settings", "{EB3FD1DF-B6EC-4742-8FBE-A41498D4FAC1}"
EndProject
Project("{FAE04EC0-301F-11D3-BF4B-00C04F79EFBC}") = "Module.Settings.Logic", "Modules\Settings\Module.Settings.Logic\Module.Settings.Logic.csproj", "{F658C887-D878-4CE9-BB0F-C0A24DE9F7DC}"
EndProject
Project("{FAE04EC0-301F-11D3-BF4B-00C04F79EFBC}") = "Module.Settings.Core", "Modules\Settings\Module.Settings.Core\Module.Settings.Core.csproj", "{244AB646-7FEF-403F-BB41-DD86B8199CFD}"
EndProject
Project("{FAE04EC0-301F-11D3-BF4B-00C04F79EFBC}") = "Module.Settings.Database", "Modules\Settings\Module.Settings.Database\Module.Settings.Database.csproj", "{ED211F67-84D4-4F34-99FF-86B7B13AEB71}"
EndProject
Project("{FAE04EC0-301F-11D3-BF4B-00C04F79EFBC}") = "Module.Settings.Gui", "Modules\Settings\Module.Settings.Gui\Module.Settings.Gui.csproj", "{DC9D6358-044A-48C3-A735-F2E2E34BC4C0}"
EndProject
Project("{FAE04EC0-301F-11D3-BF4B-00C04F79EFBC}") = "Module.Settings", "Modules\Settings\Module.Settings\Module.Settings.csproj", "{F63E07F4-B9D5-4756-9EF9-FAC879D414CC}"
EndProject
Project("{FAE04EC0-301F-11D3-BF4B-00C04F79EFBC}") = "Module.MusicSourcesStorage.Logic.Tests", "Modules\MusicSourcesStorage\Module.MusicSourcesStorage.Logic.Tests\Module.MusicSourcesStorage.Logic.Tests.csproj", "{569FC2F7-0AC0-4A32-8312-DFA5BEE728F8}"
EndProject
Project("{FAE04EC0-301F-11D3-BF4B-00C04F79EFBC}") = "Module.MusicSourcesStorage.Gui.Tests", "Modules\MusicSourcesStorage\Module.MusicSourcesStorage.Gui.Tests\Module.MusicSourcesStorage.Gui.Tests.csproj", "{335D5A6D-8114-4FC0-8A49-8357466F0E01}"
EndProject
Project("{FAE04EC0-301F-11D3-BF4B-00C04F79EFBC}") = "Module.Mvvm.Extension.Tests", "Modules\Module.Mvvm.Extension.Tests\Module.Mvvm.Extension.Tests.csproj", "{DBD41855-F78C-496C-85D1-A7DE82A20BD1}"
EndProject
Global
	GlobalSection(SolutionConfigurationPlatforms) = preSolution
		Debug|Any CPU = Debug|Any CPU
		Release|Any CPU = Release|Any CPU
	EndGlobalSection
	GlobalSection(ProjectConfigurationPlatforms) = postSolution
		{E16591F9-37B9-4F2F-A8AA-E755DCC4243D}.Debug|Any CPU.ActiveCfg = Debug|Any CPU
		{E16591F9-37B9-4F2F-A8AA-E755DCC4243D}.Debug|Any CPU.Build.0 = Debug|Any CPU
		{E16591F9-37B9-4F2F-A8AA-E755DCC4243D}.Release|Any CPU.ActiveCfg = Release|Any CPU
		{E16591F9-37B9-4F2F-A8AA-E755DCC4243D}.Release|Any CPU.Build.0 = Release|Any CPU
		{E9ED5B16-E1DF-4911-A579-947EC6A67928}.Debug|Any CPU.ActiveCfg = Debug|Any CPU
		{E9ED5B16-E1DF-4911-A579-947EC6A67928}.Debug|Any CPU.Build.0 = Debug|Any CPU
		{E9ED5B16-E1DF-4911-A579-947EC6A67928}.Release|Any CPU.ActiveCfg = Release|Any CPU
		{E9ED5B16-E1DF-4911-A579-947EC6A67928}.Release|Any CPU.Build.0 = Release|Any CPU
		{2F0915B5-9892-4EE3-A938-2C9C518F5E75}.Debug|Any CPU.ActiveCfg = Debug|Any CPU
		{2F0915B5-9892-4EE3-A938-2C9C518F5E75}.Debug|Any CPU.Build.0 = Debug|Any CPU
		{2F0915B5-9892-4EE3-A938-2C9C518F5E75}.Release|Any CPU.ActiveCfg = Release|Any CPU
		{2F0915B5-9892-4EE3-A938-2C9C518F5E75}.Release|Any CPU.Build.0 = Release|Any CPU
		{36D42561-EEC8-45FB-B1BA-E49815D3CAD7}.Debug|Any CPU.ActiveCfg = Debug|Any CPU
		{36D42561-EEC8-45FB-B1BA-E49815D3CAD7}.Debug|Any CPU.Build.0 = Debug|Any CPU
		{36D42561-EEC8-45FB-B1BA-E49815D3CAD7}.Release|Any CPU.ActiveCfg = Release|Any CPU
		{36D42561-EEC8-45FB-B1BA-E49815D3CAD7}.Release|Any CPU.Build.0 = Release|Any CPU
		{A4184AAE-8044-46FF-8EF9-EB0A23A16A7D}.Debug|Any CPU.ActiveCfg = Debug|Any CPU
		{A4184AAE-8044-46FF-8EF9-EB0A23A16A7D}.Debug|Any CPU.Build.0 = Debug|Any CPU
		{A4184AAE-8044-46FF-8EF9-EB0A23A16A7D}.Release|Any CPU.ActiveCfg = Release|Any CPU
		{A4184AAE-8044-46FF-8EF9-EB0A23A16A7D}.Release|Any CPU.Build.0 = Release|Any CPU
		{E8EFCB02-3097-4CA6-BCC2-82D69CC127E5}.Debug|Any CPU.ActiveCfg = Debug|Any CPU
		{E8EFCB02-3097-4CA6-BCC2-82D69CC127E5}.Debug|Any CPU.Build.0 = Debug|Any CPU
		{E8EFCB02-3097-4CA6-BCC2-82D69CC127E5}.Release|Any CPU.ActiveCfg = Release|Any CPU
		{E8EFCB02-3097-4CA6-BCC2-82D69CC127E5}.Release|Any CPU.Build.0 = Release|Any CPU
		{5E8249FD-D23F-4DC0-8C66-B82149383976}.Debug|Any CPU.ActiveCfg = Debug|Any CPU
		{5E8249FD-D23F-4DC0-8C66-B82149383976}.Debug|Any CPU.Build.0 = Debug|Any CPU
		{5E8249FD-D23F-4DC0-8C66-B82149383976}.Release|Any CPU.ActiveCfg = Release|Any CPU
		{5E8249FD-D23F-4DC0-8C66-B82149383976}.Release|Any CPU.Build.0 = Release|Any CPU
		{19962312-F656-4A96-9AAB-5E230F0EDCDA}.Debug|Any CPU.ActiveCfg = Debug|Any CPU
		{19962312-F656-4A96-9AAB-5E230F0EDCDA}.Debug|Any CPU.Build.0 = Debug|Any CPU
		{19962312-F656-4A96-9AAB-5E230F0EDCDA}.Release|Any CPU.ActiveCfg = Release|Any CPU
		{19962312-F656-4A96-9AAB-5E230F0EDCDA}.Release|Any CPU.Build.0 = Release|Any CPU
		{9FF65B1F-0C23-4D88-8B71-A24B37D24162}.Debug|Any CPU.ActiveCfg = Debug|Any CPU
		{9FF65B1F-0C23-4D88-8B71-A24B37D24162}.Debug|Any CPU.Build.0 = Debug|Any CPU
		{9FF65B1F-0C23-4D88-8B71-A24B37D24162}.Release|Any CPU.ActiveCfg = Release|Any CPU
		{9FF65B1F-0C23-4D88-8B71-A24B37D24162}.Release|Any CPU.Build.0 = Release|Any CPU
		{917D2EDB-580E-4BDA-956F-95ADD1A9DB95}.Debug|Any CPU.ActiveCfg = Debug|Any CPU
		{917D2EDB-580E-4BDA-956F-95ADD1A9DB95}.Debug|Any CPU.Build.0 = Debug|Any CPU
		{917D2EDB-580E-4BDA-956F-95ADD1A9DB95}.Release|Any CPU.ActiveCfg = Release|Any CPU
		{917D2EDB-580E-4BDA-956F-95ADD1A9DB95}.Release|Any CPU.Build.0 = Release|Any CPU
		{AF4F8C48-B567-449A-AF22-7B5A23495B10}.Debug|Any CPU.ActiveCfg = Debug|Any CPU
		{AF4F8C48-B567-449A-AF22-7B5A23495B10}.Debug|Any CPU.Build.0 = Debug|Any CPU
		{AF4F8C48-B567-449A-AF22-7B5A23495B10}.Release|Any CPU.ActiveCfg = Release|Any CPU
		{AF4F8C48-B567-449A-AF22-7B5A23495B10}.Release|Any CPU.Build.0 = Release|Any CPU
		{5A72BCA6-7845-4473-93D5-344AEFFB1A09}.Debug|Any CPU.ActiveCfg = Debug|Any CPU
		{5A72BCA6-7845-4473-93D5-344AEFFB1A09}.Debug|Any CPU.Build.0 = Debug|Any CPU
		{5A72BCA6-7845-4473-93D5-344AEFFB1A09}.Release|Any CPU.ActiveCfg = Release|Any CPU
		{5A72BCA6-7845-4473-93D5-344AEFFB1A09}.Release|Any CPU.Build.0 = Release|Any CPU
		{D1720C08-18CE-4F9F-835B-BCE291BC1CE3}.Debug|Any CPU.ActiveCfg = Debug|Any CPU
		{D1720C08-18CE-4F9F-835B-BCE291BC1CE3}.Debug|Any CPU.Build.0 = Debug|Any CPU
		{D1720C08-18CE-4F9F-835B-BCE291BC1CE3}.Release|Any CPU.ActiveCfg = Release|Any CPU
		{D1720C08-18CE-4F9F-835B-BCE291BC1CE3}.Release|Any CPU.Build.0 = Release|Any CPU
		{52DC24A4-27BF-4956-BFF5-89370B4733FA}.Debug|Any CPU.ActiveCfg = Debug|Any CPU
		{52DC24A4-27BF-4956-BFF5-89370B4733FA}.Debug|Any CPU.Build.0 = Debug|Any CPU
		{52DC24A4-27BF-4956-BFF5-89370B4733FA}.Release|Any CPU.ActiveCfg = Release|Any CPU
		{52DC24A4-27BF-4956-BFF5-89370B4733FA}.Release|Any CPU.Build.0 = Release|Any CPU
		{7939AC91-A5B8-4B44-842E-CBF6AEB2D7D7}.Debug|Any CPU.ActiveCfg = Debug|Any CPU
		{7939AC91-A5B8-4B44-842E-CBF6AEB2D7D7}.Debug|Any CPU.Build.0 = Debug|Any CPU
		{7939AC91-A5B8-4B44-842E-CBF6AEB2D7D7}.Release|Any CPU.ActiveCfg = Release|Any CPU
		{7939AC91-A5B8-4B44-842E-CBF6AEB2D7D7}.Release|Any CPU.Build.0 = Release|Any CPU
		{0F943117-4A0D-48C7-8FFB-D8E24F89F05A}.Debug|Any CPU.ActiveCfg = Debug|Any CPU
		{0F943117-4A0D-48C7-8FFB-D8E24F89F05A}.Debug|Any CPU.Build.0 = Debug|Any CPU
		{0F943117-4A0D-48C7-8FFB-D8E24F89F05A}.Release|Any CPU.ActiveCfg = Release|Any CPU
		{0F943117-4A0D-48C7-8FFB-D8E24F89F05A}.Release|Any CPU.Build.0 = Release|Any CPU
		{F6C65149-11A8-4D71-B44E-210D6063459C}.Debug|Any CPU.ActiveCfg = Debug|Any CPU
		{F6C65149-11A8-4D71-B44E-210D6063459C}.Debug|Any CPU.Build.0 = Debug|Any CPU
		{F6C65149-11A8-4D71-B44E-210D6063459C}.Release|Any CPU.ActiveCfg = Release|Any CPU
		{F6C65149-11A8-4D71-B44E-210D6063459C}.Release|Any CPU.Build.0 = Release|Any CPU
		{BF9991DD-3223-477A-8254-9DC17862C140}.Debug|Any CPU.ActiveCfg = Debug|Any CPU
		{BF9991DD-3223-477A-8254-9DC17862C140}.Debug|Any CPU.Build.0 = Debug|Any CPU
		{BF9991DD-3223-477A-8254-9DC17862C140}.Release|Any CPU.ActiveCfg = Release|Any CPU
		{BF9991DD-3223-477A-8254-9DC17862C140}.Release|Any CPU.Build.0 = Release|Any CPU
		{A8B7F5A4-1952-4C3B-9D1D-B810AC108838}.Debug|Any CPU.ActiveCfg = Debug|Any CPU
		{A8B7F5A4-1952-4C3B-9D1D-B810AC108838}.Debug|Any CPU.Build.0 = Debug|Any CPU
		{A8B7F5A4-1952-4C3B-9D1D-B810AC108838}.Release|Any CPU.ActiveCfg = Release|Any CPU
		{A8B7F5A4-1952-4C3B-9D1D-B810AC108838}.Release|Any CPU.Build.0 = Release|Any CPU
		{01F80914-2B53-4694-8280-4A3323F7CF18}.Debug|Any CPU.ActiveCfg = Debug|Any CPU
		{01F80914-2B53-4694-8280-4A3323F7CF18}.Debug|Any CPU.Build.0 = Debug|Any CPU
		{01F80914-2B53-4694-8280-4A3323F7CF18}.Release|Any CPU.ActiveCfg = Release|Any CPU
		{01F80914-2B53-4694-8280-4A3323F7CF18}.Release|Any CPU.Build.0 = Release|Any CPU
		{258FF41A-734F-4BEA-BA57-C74703E431C3}.Debug|Any CPU.ActiveCfg = Debug|Any CPU
		{258FF41A-734F-4BEA-BA57-C74703E431C3}.Debug|Any CPU.Build.0 = Debug|Any CPU
		{258FF41A-734F-4BEA-BA57-C74703E431C3}.Release|Any CPU.ActiveCfg = Release|Any CPU
		{258FF41A-734F-4BEA-BA57-C74703E431C3}.Release|Any CPU.Build.0 = Release|Any CPU
		{A17743B9-20C4-41D1-B491-24228BDF48C8}.Debug|Any CPU.ActiveCfg = Debug|Any CPU
		{A17743B9-20C4-41D1-B491-24228BDF48C8}.Debug|Any CPU.Build.0 = Debug|Any CPU
		{A17743B9-20C4-41D1-B491-24228BDF48C8}.Release|Any CPU.ActiveCfg = Release|Any CPU
		{A17743B9-20C4-41D1-B491-24228BDF48C8}.Release|Any CPU.Build.0 = Release|Any CPU
		{BC927907-01D9-4A69-AF85-AFEA17A6257A}.Debug|Any CPU.ActiveCfg = Debug|Any CPU
		{BC927907-01D9-4A69-AF85-AFEA17A6257A}.Debug|Any CPU.Build.0 = Debug|Any CPU
		{BC927907-01D9-4A69-AF85-AFEA17A6257A}.Release|Any CPU.ActiveCfg = Release|Any CPU
		{BC927907-01D9-4A69-AF85-AFEA17A6257A}.Release|Any CPU.Build.0 = Release|Any CPU
		{7C92B011-55B2-404E-9B06-A07721AAA9A3}.Debug|Any CPU.ActiveCfg = Debug|Any CPU
		{7C92B011-55B2-404E-9B06-A07721AAA9A3}.Debug|Any CPU.Build.0 = Debug|Any CPU
		{7C92B011-55B2-404E-9B06-A07721AAA9A3}.Release|Any CPU.ActiveCfg = Release|Any CPU
		{7C92B011-55B2-404E-9B06-A07721AAA9A3}.Release|Any CPU.Build.0 = Release|Any CPU
		{01F66A2C-E8A5-4BC1-B11B-E947CB679ADE}.Debug|Any CPU.ActiveCfg = Debug|Any CPU
		{01F66A2C-E8A5-4BC1-B11B-E947CB679ADE}.Debug|Any CPU.Build.0 = Debug|Any CPU
		{01F66A2C-E8A5-4BC1-B11B-E947CB679ADE}.Release|Any CPU.ActiveCfg = Release|Any CPU
		{01F66A2C-E8A5-4BC1-B11B-E947CB679ADE}.Release|Any CPU.Build.0 = Release|Any CPU
		{F658C887-D878-4CE9-BB0F-C0A24DE9F7DC}.Debug|Any CPU.ActiveCfg = Debug|Any CPU
		{F658C887-D878-4CE9-BB0F-C0A24DE9F7DC}.Debug|Any CPU.Build.0 = Debug|Any CPU
		{F658C887-D878-4CE9-BB0F-C0A24DE9F7DC}.Release|Any CPU.ActiveCfg = Release|Any CPU
		{F658C887-D878-4CE9-BB0F-C0A24DE9F7DC}.Release|Any CPU.Build.0 = Release|Any CPU
		{244AB646-7FEF-403F-BB41-DD86B8199CFD}.Debug|Any CPU.ActiveCfg = Debug|Any CPU
		{244AB646-7FEF-403F-BB41-DD86B8199CFD}.Debug|Any CPU.Build.0 = Debug|Any CPU
		{244AB646-7FEF-403F-BB41-DD86B8199CFD}.Release|Any CPU.ActiveCfg = Release|Any CPU
		{244AB646-7FEF-403F-BB41-DD86B8199CFD}.Release|Any CPU.Build.0 = Release|Any CPU
		{ED211F67-84D4-4F34-99FF-86B7B13AEB71}.Debug|Any CPU.ActiveCfg = Debug|Any CPU
		{ED211F67-84D4-4F34-99FF-86B7B13AEB71}.Debug|Any CPU.Build.0 = Debug|Any CPU
		{ED211F67-84D4-4F34-99FF-86B7B13AEB71}.Release|Any CPU.ActiveCfg = Release|Any CPU
		{ED211F67-84D4-4F34-99FF-86B7B13AEB71}.Release|Any CPU.Build.0 = Release|Any CPU
		{DC9D6358-044A-48C3-A735-F2E2E34BC4C0}.Debug|Any CPU.ActiveCfg = Debug|Any CPU
		{DC9D6358-044A-48C3-A735-F2E2E34BC4C0}.Debug|Any CPU.Build.0 = Debug|Any CPU
		{DC9D6358-044A-48C3-A735-F2E2E34BC4C0}.Release|Any CPU.ActiveCfg = Release|Any CPU
		{DC9D6358-044A-48C3-A735-F2E2E34BC4C0}.Release|Any CPU.Build.0 = Release|Any CPU
		{F63E07F4-B9D5-4756-9EF9-FAC879D414CC}.Debug|Any CPU.ActiveCfg = Debug|Any CPU
		{F63E07F4-B9D5-4756-9EF9-FAC879D414CC}.Debug|Any CPU.Build.0 = Debug|Any CPU
		{F63E07F4-B9D5-4756-9EF9-FAC879D414CC}.Release|Any CPU.ActiveCfg = Release|Any CPU
		{F63E07F4-B9D5-4756-9EF9-FAC879D414CC}.Release|Any CPU.Build.0 = Release|Any CPU
		{569FC2F7-0AC0-4A32-8312-DFA5BEE728F8}.Debug|Any CPU.ActiveCfg = Debug|Any CPU
		{569FC2F7-0AC0-4A32-8312-DFA5BEE728F8}.Debug|Any CPU.Build.0 = Debug|Any CPU
		{569FC2F7-0AC0-4A32-8312-DFA5BEE728F8}.Release|Any CPU.ActiveCfg = Release|Any CPU
		{569FC2F7-0AC0-4A32-8312-DFA5BEE728F8}.Release|Any CPU.Build.0 = Release|Any CPU
		{335D5A6D-8114-4FC0-8A49-8357466F0E01}.Debug|Any CPU.ActiveCfg = Debug|Any CPU
		{335D5A6D-8114-4FC0-8A49-8357466F0E01}.Debug|Any CPU.Build.0 = Debug|Any CPU
		{335D5A6D-8114-4FC0-8A49-8357466F0E01}.Release|Any CPU.ActiveCfg = Release|Any CPU
		{335D5A6D-8114-4FC0-8A49-8357466F0E01}.Release|Any CPU.Build.0 = Release|Any CPU
		{DBD41855-F78C-496C-85D1-A7DE82A20BD1}.Debug|Any CPU.ActiveCfg = Debug|Any CPU
		{DBD41855-F78C-496C-85D1-A7DE82A20BD1}.Debug|Any CPU.Build.0 = Debug|Any CPU
		{DBD41855-F78C-496C-85D1-A7DE82A20BD1}.Release|Any CPU.ActiveCfg = Release|Any CPU
		{DBD41855-F78C-496C-85D1-A7DE82A20BD1}.Release|Any CPU.Build.0 = Release|Any CPU
	EndGlobalSection
	GlobalSection(NestedProjects) = preSolution
		{E9ED5B16-E1DF-4911-A579-947EC6A67928} = {D7E52F12-14D4-46BC-AB5A-E1EEC8E39D88}
		{2F0915B5-9892-4EE3-A938-2C9C518F5E75} = {D7E52F12-14D4-46BC-AB5A-E1EEC8E39D88}
		{36D42561-EEC8-45FB-B1BA-E49815D3CAD7} = {D7E52F12-14D4-46BC-AB5A-E1EEC8E39D88}
		{A4184AAE-8044-46FF-8EF9-EB0A23A16A7D} = {D7E52F12-14D4-46BC-AB5A-E1EEC8E39D88}
		{E8EFCB02-3097-4CA6-BCC2-82D69CC127E5} = {D7E52F12-14D4-46BC-AB5A-E1EEC8E39D88}
		{5E8249FD-D23F-4DC0-8C66-B82149383976} = {D7E52F12-14D4-46BC-AB5A-E1EEC8E39D88}
		{19962312-F656-4A96-9AAB-5E230F0EDCDA} = {D7E52F12-14D4-46BC-AB5A-E1EEC8E39D88}
		{9FF65B1F-0C23-4D88-8B71-A24B37D24162} = {D7E52F12-14D4-46BC-AB5A-E1EEC8E39D88}
		{917D2EDB-580E-4BDA-956F-95ADD1A9DB95} = {D7E52F12-14D4-46BC-AB5A-E1EEC8E39D88}
		{AF4F8C48-B567-449A-AF22-7B5A23495B10} = {D7E52F12-14D4-46BC-AB5A-E1EEC8E39D88}
		{5A72BCA6-7845-4473-93D5-344AEFFB1A09} = {09040EAB-CB3C-4F82-B73E-98BDADDC5511}
		{E16591F9-37B9-4F2F-A8AA-E755DCC4243D} = {D7E52F12-14D4-46BC-AB5A-E1EEC8E39D88}
		{52DC24A4-27BF-4956-BFF5-89370B4733FA} = {09040EAB-CB3C-4F82-B73E-98BDADDC5511}
		{7939AC91-A5B8-4B44-842E-CBF6AEB2D7D7} = {09040EAB-CB3C-4F82-B73E-98BDADDC5511}
		{0F943117-4A0D-48C7-8FFB-D8E24F89F05A} = {09040EAB-CB3C-4F82-B73E-98BDADDC5511}
		{F6C65149-11A8-4D71-B44E-210D6063459C} = {09040EAB-CB3C-4F82-B73E-98BDADDC5511}
		{8920EA49-0D7F-4AFE-B3BB-E42D458099A8} = {D7E52F12-14D4-46BC-AB5A-E1EEC8E39D88}
		{BF9991DD-3223-477A-8254-9DC17862C140} = {8920EA49-0D7F-4AFE-B3BB-E42D458099A8}
		{A8B7F5A4-1952-4C3B-9D1D-B810AC108838} = {8920EA49-0D7F-4AFE-B3BB-E42D458099A8}
		{01F80914-2B53-4694-8280-4A3323F7CF18} = {8920EA49-0D7F-4AFE-B3BB-E42D458099A8}
		{258FF41A-734F-4BEA-BA57-C74703E431C3} = {8920EA49-0D7F-4AFE-B3BB-E42D458099A8}
		{A17743B9-20C4-41D1-B491-24228BDF48C8} = {8920EA49-0D7F-4AFE-B3BB-E42D458099A8}
		{776651F7-9717-42F0-8877-2FC110C5DD8C} = {D7E52F12-14D4-46BC-AB5A-E1EEC8E39D88}
		{BC927907-01D9-4A69-AF85-AFEA17A6257A} = {776651F7-9717-42F0-8877-2FC110C5DD8C}
		{7C92B011-55B2-404E-9B06-A07721AAA9A3} = {776651F7-9717-42F0-8877-2FC110C5DD8C}
		{01F66A2C-E8A5-4BC1-B11B-E947CB679ADE} = {776651F7-9717-42F0-8877-2FC110C5DD8C}
		{EB3FD1DF-B6EC-4742-8FBE-A41498D4FAC1} = {D7E52F12-14D4-46BC-AB5A-E1EEC8E39D88}
		{F658C887-D878-4CE9-BB0F-C0A24DE9F7DC} = {EB3FD1DF-B6EC-4742-8FBE-A41498D4FAC1}
		{244AB646-7FEF-403F-BB41-DD86B8199CFD} = {EB3FD1DF-B6EC-4742-8FBE-A41498D4FAC1}
		{ED211F67-84D4-4F34-99FF-86B7B13AEB71} = {EB3FD1DF-B6EC-4742-8FBE-A41498D4FAC1}
		{DC9D6358-044A-48C3-A735-F2E2E34BC4C0} = {EB3FD1DF-B6EC-4742-8FBE-A41498D4FAC1}
		{F63E07F4-B9D5-4756-9EF9-FAC879D414CC} = {EB3FD1DF-B6EC-4742-8FBE-A41498D4FAC1}
		{569FC2F7-0AC0-4A32-8312-DFA5BEE728F8} = {8920EA49-0D7F-4AFE-B3BB-E42D458099A8}
		{335D5A6D-8114-4FC0-8A49-8357466F0E01} = {8920EA49-0D7F-4AFE-B3BB-E42D458099A8}
		{DBD41855-F78C-496C-85D1-A7DE82A20BD1} = {D7E52F12-14D4-46BC-AB5A-E1EEC8E39D88}
	EndGlobalSection
EndGlobal
