
Microsoft Visual Studio Solution File, Format Version 12.00
Project("{2150E333-8FDC-42A3-9474-1A3956D46DE8}") = "Modules", "Modules", "{D7E52F12-14D4-46BC-AB5A-E1EEC8E39D88}"
EndProject
Project("{2150E333-8FDC-42A3-9474-1A3956D46DE8}") = "SolutionFiles", "SolutionFiles", "{65A07AE9-C73B-445C-9612-105D94E65F3C}"
	ProjectSection(SolutionItems) = preProject
		.gitignore = .gitignore
		copy_dll_debug.ps1 = copy_dll_debug.ps1
		copy_dll_release.ps1 = copy_dll_release.ps1
	EndProjectSection
EndProject
Project("{2150E333-8FDC-42A3-9474-1A3956D46DE8}") = "Tests", "Tests", "{09040EAB-CB3C-4F82-B73E-98BDADDC5511}"
EndProject
Project("{FAE04EC0-301F-11D3-BF4B-00C04F79EFBC}") = "Root", "Root\Root.csproj", "{E16591F9-37B9-4F2F-A8AA-E755DCC4243D}"
EndProject
Project("{FAE04EC0-301F-11D3-BF4B-00C04F79EFBC}") = "HackModule.AssemblyBindingRedirect", "HackModule.AssemblyBindingRedirect\HackModule.AssemblyBindingRedirect.csproj", "{E9ED5B16-E1DF-4911-A579-947EC6A67928}"
EndProject
Project("{FAE04EC0-301F-11D3-BF4B-00C04F79EFBC}") = "Module.MusicBee.Extension", "Module.MusicBee.Extension\Module.MusicBee.Extension.csproj", "{2F0915B5-9892-4EE3-A938-2C9C518F5E75}"
EndProject
Project("{FAE04EC0-301F-11D3-BF4B-00C04F79EFBC}") = "Module.Settings", "Module.Settings\Module.Settings.csproj", "{117B096B-A02A-4801-B642-6A6E9BEB5BF8}"
EndProject
Project("{FAE04EC0-301F-11D3-BF4B-00C04F79EFBC}") = "Module.Mvvm.Extension", "Module.Mvvm.Extension\Module.Mvvm.Extension.csproj", "{36D42561-EEC8-45FB-B1BA-E49815D3CAD7}"
EndProject
Project("{FAE04EC0-301F-11D3-BF4B-00C04F79EFBC}") = "Module.Settings.Gui", "Module.Settings.Gui\Module.Settings.Gui.csproj", "{34CE793B-171F-4D83-85A7-01956FC1A1FA}"
EndProject
Project("{FAE04EC0-301F-11D3-BF4B-00C04F79EFBC}") = "Module.MusicBee.MetaInfo.Proto", "Module.MusicBee.MetaInfo.Proto\Module.MusicBee.MetaInfo.Proto.csproj", "{9F24C562-8127-418C-8FC1-FE2FBC473197}"
EndProject
Project("{FAE04EC0-301F-11D3-BF4B-00C04F79EFBC}") = "Module.ArtworksSearcher", "Module.ArtworksSearcher\Module.ArtworksSearcher.csproj", "{A4184AAE-8044-46FF-8EF9-EB0A23A16A7D}"
EndProject
Project("{FAE04EC0-301F-11D3-BF4B-00C04F79EFBC}") = "Module.AudioSourcesComparer", "Module.AudioSourcesComparer\Module.AudioSourcesComparer.csproj", "{E8EFCB02-3097-4CA6-BCC2-82D69CC127E5}"
EndProject
Project("{FAE04EC0-301F-11D3-BF4B-00C04F79EFBC}") = "Module.DataExporter", "Module.DataExporter\Module.DataExporter.csproj", "{5E8249FD-D23F-4DC0-8C66-B82149383976}"
EndProject
Project("{FAE04EC0-301F-11D3-BF4B-00C04F79EFBC}") = "Module.InboxAdder", "Module.InboxAdder\Module.InboxAdder.csproj", "{19962312-F656-4A96-9AAB-5E230F0EDCDA}"
EndProject
Project("{FAE04EC0-301F-11D3-BF4B-00C04F79EFBC}") = "Module.MusicBee.Extension.LibraryApi", "Module.MusicBee.Extension.LibraryApi\Module.MusicBee.Extension.LibraryApi.csproj", "{87DC7F1F-1A58-4300-8C1D-C84104056A4A}"
EndProject
Project("{FAE04EC0-301F-11D3-BF4B-00C04F79EFBC}") = "Module.MusicBee.Extension.LibraryQuerying", "Module.MusicBee.Extension.LibraryQuerying\Module.MusicBee.Extension.LibraryQuerying.csproj", "{9FF65B1F-0C23-4D88-8B71-A24B37D24162}"
EndProject
Project("{FAE04EC0-301F-11D3-BF4B-00C04F79EFBC}") = "Module.PlaylistsExporter", "Module.PlaylistsExporter\Module.PlaylistsExporter.csproj", "{917D2EDB-580E-4BDA-956F-95ADD1A9DB95}"
EndProject
Project("{FAE04EC0-301F-11D3-BF4B-00C04F79EFBC}") = "Module.RemoteMusicBeeApi", "Module.RemoteMusicBeeApi\Module.RemoteMusicBeeApi.csproj", "{9833EA63-C2DE-417F-B9E6-3111C0B34E2C}"
EndProject
Project("{FAE04EC0-301F-11D3-BF4B-00C04F79EFBC}") = "Module.Vk", "Module.Vk\Module.Vk.csproj", "{65016E95-04F4-413D-883F-9F01C708E348}"
EndProject
Project("{FAE04EC0-301F-11D3-BF4B-00C04F79EFBC}") = "Module.VkAudioDownloader", "Module.VkAudioDownloader\Module.VkAudioDownloader.csproj", "{AF4F8C48-B567-449A-AF22-7B5A23495B10}"
EndProject
Project("{FAE04EC0-301F-11D3-BF4B-00C04F79EFBC}") = "ConsoleTests", "ConsoleTests\ConsoleTests.csproj", "{5A72BCA6-7845-4473-93D5-344AEFFB1A09}"
EndProject
Project("{FAE04EC0-301F-11D3-BF4B-00C04F79EFBC}") = "NativeTest.AudioSourcesComparer", "NativeTest.AudioSourcesComparer\NativeTest.AudioSourcesComparer.csproj", "{68B88C7B-0D55-4CB0-946F-58D75F9A036E}"
EndProject
Project("{FAE04EC0-301F-11D3-BF4B-00C04F79EFBC}") = "Test Desktop", "Test Desktop\Test Desktop.csproj", "{C126525E-0801-45AC-B883-5EE516FCF4DC}"
EndProject
Project("{FAE04EC0-301F-11D3-BF4B-00C04F79EFBC}") = "Plugin.RemoteApi", "Plugin.RemoteApi\Plugin.RemoteApi.csproj", "{09BE13EF-E16E-46E5-A653-1541A978A484}"
EndProject
Project("{FAE04EC0-301F-11D3-BF4B-00C04F79EFBC}") = "Plugin.Main", "Plugin.Main\Plugin.Main.csproj", "{D1720C08-18CE-4F9F-835B-BCE291BC1CE3}"
EndProject
Global
	GlobalSection(SolutionConfigurationPlatforms) = preSolution
		Debug|Any CPU = Debug|Any CPU
		Release|Any CPU = Release|Any CPU
	EndGlobalSection
	GlobalSection(ProjectConfigurationPlatforms) = postSolution
		{E16591F9-37B9-4F2F-A8AA-E755DCC4243D}.Debug|Any CPU.ActiveCfg = Debug|Any CPU
		{E16591F9-37B9-4F2F-A8AA-E755DCC4243D}.Debug|Any CPU.Build.0 = Debug|Any CPU
		{E16591F9-37B9-4F2F-A8AA-E755DCC4243D}.Release|Any CPU.ActiveCfg = Release|Any CPU
		{E16591F9-37B9-4F2F-A8AA-E755DCC4243D}.Release|Any CPU.Build.0 = Release|Any CPU
		{E9ED5B16-E1DF-4911-A579-947EC6A67928}.Debug|Any CPU.ActiveCfg = Debug|Any CPU
		{E9ED5B16-E1DF-4911-A579-947EC6A67928}.Debug|Any CPU.Build.0 = Debug|Any CPU
		{E9ED5B16-E1DF-4911-A579-947EC6A67928}.Release|Any CPU.ActiveCfg = Release|Any CPU
		{E9ED5B16-E1DF-4911-A579-947EC6A67928}.Release|Any CPU.Build.0 = Release|Any CPU
		{2F0915B5-9892-4EE3-A938-2C9C518F5E75}.Debug|Any CPU.ActiveCfg = Debug|Any CPU
		{2F0915B5-9892-4EE3-A938-2C9C518F5E75}.Debug|Any CPU.Build.0 = Debug|Any CPU
		{2F0915B5-9892-4EE3-A938-2C9C518F5E75}.Release|Any CPU.ActiveCfg = Release|Any CPU
		{2F0915B5-9892-4EE3-A938-2C9C518F5E75}.Release|Any CPU.Build.0 = Release|Any CPU
		{117B096B-A02A-4801-B642-6A6E9BEB5BF8}.Debug|Any CPU.ActiveCfg = Debug|Any CPU
		{117B096B-A02A-4801-B642-6A6E9BEB5BF8}.Debug|Any CPU.Build.0 = Debug|Any CPU
		{117B096B-A02A-4801-B642-6A6E9BEB5BF8}.Release|Any CPU.ActiveCfg = Release|Any CPU
		{117B096B-A02A-4801-B642-6A6E9BEB5BF8}.Release|Any CPU.Build.0 = Release|Any CPU
		{36D42561-EEC8-45FB-B1BA-E49815D3CAD7}.Debug|Any CPU.ActiveCfg = Debug|Any CPU
		{36D42561-EEC8-45FB-B1BA-E49815D3CAD7}.Debug|Any CPU.Build.0 = Debug|Any CPU
		{36D42561-EEC8-45FB-B1BA-E49815D3CAD7}.Release|Any CPU.ActiveCfg = Release|Any CPU
		{36D42561-EEC8-45FB-B1BA-E49815D3CAD7}.Release|Any CPU.Build.0 = Release|Any CPU
		{34CE793B-171F-4D83-85A7-01956FC1A1FA}.Debug|Any CPU.ActiveCfg = Debug|Any CPU
		{34CE793B-171F-4D83-85A7-01956FC1A1FA}.Debug|Any CPU.Build.0 = Debug|Any CPU
		{34CE793B-171F-4D83-85A7-01956FC1A1FA}.Release|Any CPU.ActiveCfg = Release|Any CPU
		{34CE793B-171F-4D83-85A7-01956FC1A1FA}.Release|Any CPU.Build.0 = Release|Any CPU
		{9F24C562-8127-418C-8FC1-FE2FBC473197}.Debug|Any CPU.ActiveCfg = Debug|Any CPU
		{9F24C562-8127-418C-8FC1-FE2FBC473197}.Debug|Any CPU.Build.0 = Debug|Any CPU
		{9F24C562-8127-418C-8FC1-FE2FBC473197}.Release|Any CPU.ActiveCfg = Release|Any CPU
		{9F24C562-8127-418C-8FC1-FE2FBC473197}.Release|Any CPU.Build.0 = Release|Any CPU
		{A4184AAE-8044-46FF-8EF9-EB0A23A16A7D}.Debug|Any CPU.ActiveCfg = Debug|Any CPU
		{A4184AAE-8044-46FF-8EF9-EB0A23A16A7D}.Debug|Any CPU.Build.0 = Debug|Any CPU
		{A4184AAE-8044-46FF-8EF9-EB0A23A16A7D}.Release|Any CPU.ActiveCfg = Release|Any CPU
		{A4184AAE-8044-46FF-8EF9-EB0A23A16A7D}.Release|Any CPU.Build.0 = Release|Any CPU
		{E8EFCB02-3097-4CA6-BCC2-82D69CC127E5}.Debug|Any CPU.ActiveCfg = Debug|Any CPU
		{E8EFCB02-3097-4CA6-BCC2-82D69CC127E5}.Debug|Any CPU.Build.0 = Debug|Any CPU
		{E8EFCB02-3097-4CA6-BCC2-82D69CC127E5}.Release|Any CPU.ActiveCfg = Release|Any CPU
		{E8EFCB02-3097-4CA6-BCC2-82D69CC127E5}.Release|Any CPU.Build.0 = Release|Any CPU
		{5E8249FD-D23F-4DC0-8C66-B82149383976}.Debug|Any CPU.ActiveCfg = Debug|Any CPU
		{5E8249FD-D23F-4DC0-8C66-B82149383976}.Debug|Any CPU.Build.0 = Debug|Any CPU
		{5E8249FD-D23F-4DC0-8C66-B82149383976}.Release|Any CPU.ActiveCfg = Release|Any CPU
		{5E8249FD-D23F-4DC0-8C66-B82149383976}.Release|Any CPU.Build.0 = Release|Any CPU
		{19962312-F656-4A96-9AAB-5E230F0EDCDA}.Debug|Any CPU.ActiveCfg = Debug|Any CPU
		{19962312-F656-4A96-9AAB-5E230F0EDCDA}.Debug|Any CPU.Build.0 = Debug|Any CPU
		{19962312-F656-4A96-9AAB-5E230F0EDCDA}.Release|Any CPU.ActiveCfg = Release|Any CPU
		{19962312-F656-4A96-9AAB-5E230F0EDCDA}.Release|Any CPU.Build.0 = Release|Any CPU
		{87DC7F1F-1A58-4300-8C1D-C84104056A4A}.Debug|Any CPU.ActiveCfg = Debug|Any CPU
		{87DC7F1F-1A58-4300-8C1D-C84104056A4A}.Debug|Any CPU.Build.0 = Debug|Any CPU
		{87DC7F1F-1A58-4300-8C1D-C84104056A4A}.Release|Any CPU.ActiveCfg = Release|Any CPU
		{87DC7F1F-1A58-4300-8C1D-C84104056A4A}.Release|Any CPU.Build.0 = Release|Any CPU
		{9FF65B1F-0C23-4D88-8B71-A24B37D24162}.Debug|Any CPU.ActiveCfg = Debug|Any CPU
		{9FF65B1F-0C23-4D88-8B71-A24B37D24162}.Debug|Any CPU.Build.0 = Debug|Any CPU
		{9FF65B1F-0C23-4D88-8B71-A24B37D24162}.Release|Any CPU.ActiveCfg = Release|Any CPU
		{9FF65B1F-0C23-4D88-8B71-A24B37D24162}.Release|Any CPU.Build.0 = Release|Any CPU
		{917D2EDB-580E-4BDA-956F-95ADD1A9DB95}.Debug|Any CPU.ActiveCfg = Debug|Any CPU
		{917D2EDB-580E-4BDA-956F-95ADD1A9DB95}.Debug|Any CPU.Build.0 = Debug|Any CPU
		{917D2EDB-580E-4BDA-956F-95ADD1A9DB95}.Release|Any CPU.ActiveCfg = Release|Any CPU
		{917D2EDB-580E-4BDA-956F-95ADD1A9DB95}.Release|Any CPU.Build.0 = Release|Any CPU
		{9833EA63-C2DE-417F-B9E6-3111C0B34E2C}.Debug|Any CPU.ActiveCfg = Debug|Any CPU
		{9833EA63-C2DE-417F-B9E6-3111C0B34E2C}.Debug|Any CPU.Build.0 = Debug|Any CPU
		{9833EA63-C2DE-417F-B9E6-3111C0B34E2C}.Release|Any CPU.ActiveCfg = Release|Any CPU
		{9833EA63-C2DE-417F-B9E6-3111C0B34E2C}.Release|Any CPU.Build.0 = Release|Any CPU
		{65016E95-04F4-413D-883F-9F01C708E348}.Debug|Any CPU.ActiveCfg = Debug|Any CPU
		{65016E95-04F4-413D-883F-9F01C708E348}.Debug|Any CPU.Build.0 = Debug|Any CPU
		{65016E95-04F4-413D-883F-9F01C708E348}.Release|Any CPU.ActiveCfg = Release|Any CPU
		{65016E95-04F4-413D-883F-9F01C708E348}.Release|Any CPU.Build.0 = Release|Any CPU
		{AF4F8C48-B567-449A-AF22-7B5A23495B10}.Debug|Any CPU.ActiveCfg = Debug|Any CPU
		{AF4F8C48-B567-449A-AF22-7B5A23495B10}.Debug|Any CPU.Build.0 = Debug|Any CPU
		{AF4F8C48-B567-449A-AF22-7B5A23495B10}.Release|Any CPU.ActiveCfg = Release|Any CPU
		{AF4F8C48-B567-449A-AF22-7B5A23495B10}.Release|Any CPU.Build.0 = Release|Any CPU
		{5A72BCA6-7845-4473-93D5-344AEFFB1A09}.Debug|Any CPU.ActiveCfg = Debug|Any CPU
		{5A72BCA6-7845-4473-93D5-344AEFFB1A09}.Debug|Any CPU.Build.0 = Debug|Any CPU
		{5A72BCA6-7845-4473-93D5-344AEFFB1A09}.Release|Any CPU.ActiveCfg = Release|Any CPU
		{5A72BCA6-7845-4473-93D5-344AEFFB1A09}.Release|Any CPU.Build.0 = Release|Any CPU
		{68B88C7B-0D55-4CB0-946F-58D75F9A036E}.Debug|Any CPU.ActiveCfg = Debug|Any CPU
		{68B88C7B-0D55-4CB0-946F-58D75F9A036E}.Debug|Any CPU.Build.0 = Debug|Any CPU
		{68B88C7B-0D55-4CB0-946F-58D75F9A036E}.Release|Any CPU.ActiveCfg = Release|Any CPU
		{68B88C7B-0D55-4CB0-946F-58D75F9A036E}.Release|Any CPU.Build.0 = Release|Any CPU
		{C126525E-0801-45AC-B883-5EE516FCF4DC}.Debug|Any CPU.ActiveCfg = Debug|Any CPU
		{C126525E-0801-45AC-B883-5EE516FCF4DC}.Debug|Any CPU.Build.0 = Debug|Any CPU
		{C126525E-0801-45AC-B883-5EE516FCF4DC}.Release|Any CPU.ActiveCfg = Release|Any CPU
		{C126525E-0801-45AC-B883-5EE516FCF4DC}.Release|Any CPU.Build.0 = Release|Any CPU
		{09BE13EF-E16E-46E5-A653-1541A978A484}.Debug|Any CPU.ActiveCfg = Debug|Any CPU
		{09BE13EF-E16E-46E5-A653-1541A978A484}.Debug|Any CPU.Build.0 = Debug|Any CPU
		{09BE13EF-E16E-46E5-A653-1541A978A484}.Release|Any CPU.ActiveCfg = Release|Any CPU
		{09BE13EF-E16E-46E5-A653-1541A978A484}.Release|Any CPU.Build.0 = Release|Any CPU
		{D1720C08-18CE-4F9F-835B-BCE291BC1CE3}.Debug|Any CPU.ActiveCfg = Debug|Any CPU
		{D1720C08-18CE-4F9F-835B-BCE291BC1CE3}.Debug|Any CPU.Build.0 = Debug|Any CPU
		{D1720C08-18CE-4F9F-835B-BCE291BC1CE3}.Release|Any CPU.ActiveCfg = Release|Any CPU
		{D1720C08-18CE-4F9F-835B-BCE291BC1CE3}.Release|Any CPU.Build.0 = Release|Any CPU
	EndGlobalSection
	GlobalSection(NestedProjects) = preSolution
		{E9ED5B16-E1DF-4911-A579-947EC6A67928} = {D7E52F12-14D4-46BC-AB5A-E1EEC8E39D88}
		{2F0915B5-9892-4EE3-A938-2C9C518F5E75} = {D7E52F12-14D4-46BC-AB5A-E1EEC8E39D88}
		{117B096B-A02A-4801-B642-6A6E9BEB5BF8} = {D7E52F12-14D4-46BC-AB5A-E1EEC8E39D88}
		{36D42561-EEC8-45FB-B1BA-E49815D3CAD7} = {D7E52F12-14D4-46BC-AB5A-E1EEC8E39D88}
		{34CE793B-171F-4D83-85A7-01956FC1A1FA} = {D7E52F12-14D4-46BC-AB5A-E1EEC8E39D88}
		{9F24C562-8127-418C-8FC1-FE2FBC473197} = {D7E52F12-14D4-46BC-AB5A-E1EEC8E39D88}
		{A4184AAE-8044-46FF-8EF9-EB0A23A16A7D} = {D7E52F12-14D4-46BC-AB5A-E1EEC8E39D88}
		{E8EFCB02-3097-4CA6-BCC2-82D69CC127E5} = {D7E52F12-14D4-46BC-AB5A-E1EEC8E39D88}
		{5E8249FD-D23F-4DC0-8C66-B82149383976} = {D7E52F12-14D4-46BC-AB5A-E1EEC8E39D88}
		{19962312-F656-4A96-9AAB-5E230F0EDCDA} = {D7E52F12-14D4-46BC-AB5A-E1EEC8E39D88}
		{87DC7F1F-1A58-4300-8C1D-C84104056A4A} = {D7E52F12-14D4-46BC-AB5A-E1EEC8E39D88}
		{9FF65B1F-0C23-4D88-8B71-A24B37D24162} = {D7E52F12-14D4-46BC-AB5A-E1EEC8E39D88}
		{917D2EDB-580E-4BDA-956F-95ADD1A9DB95} = {D7E52F12-14D4-46BC-AB5A-E1EEC8E39D88}
		{9833EA63-C2DE-417F-B9E6-3111C0B34E2C} = {D7E52F12-14D4-46BC-AB5A-E1EEC8E39D88}
		{65016E95-04F4-413D-883F-9F01C708E348} = {D7E52F12-14D4-46BC-AB5A-E1EEC8E39D88}
		{AF4F8C48-B567-449A-AF22-7B5A23495B10} = {D7E52F12-14D4-46BC-AB5A-E1EEC8E39D88}
		{5A72BCA6-7845-4473-93D5-344AEFFB1A09} = {09040EAB-CB3C-4F82-B73E-98BDADDC5511}
		{68B88C7B-0D55-4CB0-946F-58D75F9A036E} = {09040EAB-CB3C-4F82-B73E-98BDADDC5511}
		{C126525E-0801-45AC-B883-5EE516FCF4DC} = {09040EAB-CB3C-4F82-B73E-98BDADDC5511}
	EndGlobalSection
EndGlobal
