
Microsoft Visual Studio Solution File, Format Version 12.00
# Visual Studio Version 16
VisualStudioVersion = 16.0.30523.141
MinimumVisualStudioVersion = 10.0.40219.1
Project("{FAE04EC0-301F-11D3-BF4B-00C04F79EFBC}") = "MusicBeePlugin VkMusicDownloader", "MusicBeePlugin VkMusicDownloader\MusicBeePlugin VkMusicDownloader.csproj", "{622756AD-5BB9-41D7-B5DF-87614DF8102E}"
EndProject
Project("{FAE04EC0-301F-11D3-BF4B-00C04F79EFBC}") = "ConsoleTests", "ConsoleTests\ConsoleTests.csproj", "{FD3865DC-0F4C-4076-8B21-44AC23601DE7}"
EndProject
Project("{911E67C6-3D85-4FCE-B560-20A9C3E3FF48}") = "MusicBee", "C:\Program Files (x86)\MusicBee\MusicBee.exe", "{443BF81F-DFE4-4499-AFF0-E6B9E25ABEAC}"
	ProjectSection(DebuggerProjectSystem) = preProject
		PortSupplier = 00000000-0000-0000-0000-000000000000
		Executable = C:\Program Files (x86)\MusicBee\MusicBee.exe
		RemoteMachine = DESKTOP-5J499C9
		StartingDirectory = C:\Program Files (x86)\MusicBee
		Environment = По умолчанию
		LaunchingEngine = 00000000-0000-0000-0000-000000000000
		UseLegacyDebugEngines = No
		LaunchSQLEngine = No
		AttachLaunchAction = No
	EndProjectSection
EndProject
Project("{FAE04EC0-301F-11D3-BF4B-00C04F79EFBC}") = "Outer Tests", "Outer Tests\Outer Tests.csproj", "{31AC3C0E-94B3-4B9B-BFF5-D73D4CB1282D}"
EndProject
Global
	GlobalSection(SolutionConfigurationPlatforms) = preSolution
		Debug|Any CPU = Debug|Any CPU
		Debug|x86 = Debug|x86
		Release|Any CPU = Release|Any CPU
		Release|x86 = Release|x86
	EndGlobalSection
	GlobalSection(ProjectConfigurationPlatforms) = postSolution
		{622756AD-5BB9-41D7-B5DF-87614DF8102E}.Debug|Any CPU.ActiveCfg = Debug|Any CPU
		{622756AD-5BB9-41D7-B5DF-87614DF8102E}.Debug|Any CPU.Build.0 = Debug|Any CPU
		{622756AD-5BB9-41D7-B5DF-87614DF8102E}.Debug|x86.ActiveCfg = Debug|Any CPU
		{622756AD-5BB9-41D7-B5DF-87614DF8102E}.Debug|x86.Build.0 = Debug|Any CPU
		{622756AD-5BB9-41D7-B5DF-87614DF8102E}.Release|Any CPU.ActiveCfg = Release|Any CPU
		{622756AD-5BB9-41D7-B5DF-87614DF8102E}.Release|Any CPU.Build.0 = Release|Any CPU
		{622756AD-5BB9-41D7-B5DF-87614DF8102E}.Release|x86.ActiveCfg = Release|Any CPU
		{622756AD-5BB9-41D7-B5DF-87614DF8102E}.Release|x86.Build.0 = Release|Any CPU
		{FD3865DC-0F4C-4076-8B21-44AC23601DE7}.Debug|Any CPU.ActiveCfg = Debug|Any CPU
		{FD3865DC-0F4C-4076-8B21-44AC23601DE7}.Debug|Any CPU.Build.0 = Debug|Any CPU
		{FD3865DC-0F4C-4076-8B21-44AC23601DE7}.Debug|x86.ActiveCfg = Debug|Any CPU
		{FD3865DC-0F4C-4076-8B21-44AC23601DE7}.Debug|x86.Build.0 = Debug|Any CPU
		{FD3865DC-0F4C-4076-8B21-44AC23601DE7}.Release|Any CPU.ActiveCfg = Release|Any CPU
		{FD3865DC-0F4C-4076-8B21-44AC23601DE7}.Release|Any CPU.Build.0 = Release|Any CPU
		{FD3865DC-0F4C-4076-8B21-44AC23601DE7}.Release|x86.ActiveCfg = Release|Any CPU
		{FD3865DC-0F4C-4076-8B21-44AC23601DE7}.Release|x86.Build.0 = Release|Any CPU
		{443BF81F-DFE4-4499-AFF0-E6B9E25ABEAC}.Debug|Any CPU.ActiveCfg = Release|x86
		{443BF81F-DFE4-4499-AFF0-E6B9E25ABEAC}.Debug|x86.ActiveCfg = Release|x86
		{443BF81F-DFE4-4499-AFF0-E6B9E25ABEAC}.Release|Any CPU.ActiveCfg = Release|x86
		{443BF81F-DFE4-4499-AFF0-E6B9E25ABEAC}.Release|x86.ActiveCfg = Release|x86
		{31AC3C0E-94B3-4B9B-BFF5-D73D4CB1282D}.Debug|Any CPU.ActiveCfg = Debug|Any CPU
		{31AC3C0E-94B3-4B9B-BFF5-D73D4CB1282D}.Debug|Any CPU.Build.0 = Debug|Any CPU
		{31AC3C0E-94B3-4B9B-BFF5-D73D4CB1282D}.Debug|x86.ActiveCfg = Debug|Any CPU
		{31AC3C0E-94B3-4B9B-BFF5-D73D4CB1282D}.Debug|x86.Build.0 = Debug|Any CPU
		{31AC3C0E-94B3-4B9B-BFF5-D73D4CB1282D}.Release|Any CPU.ActiveCfg = Release|Any CPU
		{31AC3C0E-94B3-4B9B-BFF5-D73D4CB1282D}.Release|Any CPU.Build.0 = Release|Any CPU
		{31AC3C0E-94B3-4B9B-BFF5-D73D4CB1282D}.Release|x86.ActiveCfg = Release|Any CPU
		{31AC3C0E-94B3-4B9B-BFF5-D73D4CB1282D}.Release|x86.Build.0 = Release|Any CPU
	EndGlobalSection
	GlobalSection(SolutionProperties) = preSolution
		HideSolutionNode = FALSE
	EndGlobalSection
	GlobalSection(ExtensibilityGlobals) = postSolution
		SolutionGuid = {DCFB4AD2-DDFC-430A-91E7-914B8933CB4D}
	EndGlobalSection
EndGlobal
