
Microsoft Visual Studio Solution File, Format Version 12.00
Project("{FAE04EC0-301F-11D3-BF4B-00C04F79EFBC}") = "Module.VkAudioDownloader", "Module.VkAudioDownloader\Module.VkAudioDownloader.csproj", "{622756AD-5BB9-41D7-B5DF-87614DF8102E}"
EndProject
Project("{911E67C6-3D85-4FCE-B560-20A9C3E3FF48}") = "MusicBee", "C:\Program Files (x86)\MusicBee\MusicBee.exe", "{443BF81F-DFE4-4499-AFF0-E6B9E25ABEAC}"
	ProjectSection(DebuggerProjectSystem) = preProject
		PortSupplier = 00000000-0000-0000-0000-000000000000
		Executable = C:\Program Files (x86)\MusicBee\MusicBee.exe
		RemoteMachine = DESKTOP-5J499C9
		StartingDirectory = C:\Program Files (x86)\MusicBee
		Environment = По умолчанию
		LaunchingEngine = 00000000-0000-0000-0000-000000000000
		UseLegacyDebugEngines = No
		LaunchSQLEngine = No
		AttachLaunchAction = No
		IORedirection = Auto
	EndProjectSection
EndProject
Project("{FAE04EC0-301F-11D3-BF4B-00C04F79EFBC}") = "Root", "Root\Root.csproj", "{17351E36-4855-4A79-A171-D5F3DD9DEF55}"
EndProject
Project("{FAE04EC0-301F-11D3-BF4B-00C04F79EFBC}") = "ConsoleTests", "ConsoleTests\ConsoleTests.csproj", "{FD3865DC-0F4C-4076-8B21-44AC23601DE7}"
EndProject
Project("{FAE04EC0-301F-11D3-BF4B-00C04F79EFBC}") = "Test Desktop", "Test Desktop\Test Desktop.csproj", "{3C3A9434-B249-479E-8F41-1FAC76972DBE}"
EndProject
Project("{FAE04EC0-301F-11D3-BF4B-00C04F79EFBC}") = "Plugin.Main", "Plugin.Main\Plugin.Main.csproj", "{23CBC01F-BD6D-48E0-9685-71E8EBA58F04}"
EndProject
Project("{FAE04EC0-301F-11D3-BF4B-00C04F79EFBC}") = "Module.DataExporter", "Module.DataExporter\Module.DataExporter.csproj", "{D384E0FD-D73C-4E6E-87C9-C7C38AA95E62}"
EndProject
Project("{FAE04EC0-301F-11D3-BF4B-00C04F79EFBC}") = "Module.ArtworksSearcher", "Module.ArtworksSearcher\Module.ArtworksSearcher.csproj", "{32886E03-E8E7-4CE4-9A75-5DF873F405DD}"
EndProject
Project("{FAE04EC0-301F-11D3-BF4B-00C04F79EFBC}") = "Module.PlaylistsExporter", "Module.PlaylistsExporter\Module.PlaylistsExporter.csproj", "{E74EDC2A-19F4-4F7A-A976-24B7F778C038}"
EndProject
Project("{FAE04EC0-301F-11D3-BF4B-00C04F79EFBC}") = "Module.InboxAdder", "Module.InboxAdder\Module.InboxAdder.csproj", "{81186C3A-364D-49B6-AD26-B1E0C78A650A}"
EndProject
Project("{2150E333-8FDC-42A3-9474-1A3956D46DE8}") = "Tests", "Tests", "{A35F5D17-7524-40C4-903A-AC8B3BE7B09D}"
EndProject
Project("{2150E333-8FDC-42A3-9474-1A3956D46DE8}") = "Modules", "Modules", "{D520C80B-E3AA-44A5-9B1F-BAB55C4B9B8A}"
EndProject
Project("{FAE04EC0-301F-11D3-BF4B-00C04F79EFBC}") = "HackModule.AssemblyBindingRedirect", "HackModule.AssemblyBindingRedirect\HackModule.AssemblyBindingRedirect.csproj", "{5951FDE8-EBAD-4580-9825-8ADBE222B1FB}"
EndProject
Project("{2150E333-8FDC-42A3-9474-1A3956D46DE8}") = "SolutionFiles", "SolutionFiles", "{F081457C-2FEB-4D1E-A771-7D1812F5C205}"
ProjectSection(SolutionItems) = preProject
	paket.dependencies = paket.dependencies
	paket.lock = paket.lock
	.gitignore = .gitignore
	copy_dll_debug.ps1 = copy_dll_debug.ps1
	copy_dll_release.ps1 = copy_dll_release.ps1
EndProjectSection
EndProject
Project("{FAE04EC0-301F-11D3-BF4B-00C04F79EFBC}") = "Module.RemoteMusicBeeApi", "Module.RemoteMusicBeeApi\Module.RemoteMusicBeeApi.csproj", "{F9F45EB1-DEFF-4F35-8965-ED4F6CEA7606}"
EndProject
Project("{FAE04EC0-301F-11D3-BF4B-00C04F79EFBC}") = "Plugin.RemoteApi", "Plugin.RemoteApi\Plugin.RemoteApi.csproj", "{CC4BD8C8-3F5B-4BEA-8AEB-586C55EFF265}"
EndProject
Project("{2150E333-8FDC-42A3-9474-1A3956D46DE8}") = "Utils", "Utils", "{8CE8BF37-B11C-49F1-A975-37B113B66D2E}"
EndProject
Project("{FAE04EC0-301F-11D3-BF4B-00C04F79EFBC}") = "CodeGenerator", "CodeGenerator\CodeGenerator.csproj", "{43BF0103-6B61-4D0A-A685-FB860D45CA20}"
EndProject
Project("{FAE04EC0-301F-11D3-BF4B-00C04F79EFBC}") = "Module.AudioSourcesComparer", "Module.AudioSourcesComparer\Module.AudioSourcesComparer.csproj", "{29C7C22A-110B-4DB1-BC1F-967A1D32C1AC}"
EndProject
Project("{FAE04EC0-301F-11D3-BF4B-00C04F79EFBC}") = "NativeTest.AudioSourcesComparer", "NativeTest.AudioSourcesComparer\NativeTest.AudioSourcesComparer.csproj", "{4AE6EFB9-7C5F-406C-92D3-7DD502CBB8F2}"
EndProject
Project("{FAE04EC0-301F-11D3-BF4B-00C04F79EFBC}") = "Module.Vk", "Module.Vk\Module.Vk.csproj", "{AE3DF3FE-CCCA-4879-AB08-E1AEB9807E69}"
EndProject
Project("{FAE04EC0-301F-11D3-BF4B-00C04F79EFBC}") = "Module.MBLibraryApiExtension", "Module.MBLibraryApiExtension\Module.MBLibraryApiExtension.csproj", "{19D0007E-3B42-45CB-BD17-CB8802CD5FF9}"
EndProject
Global
	GlobalSection(SolutionConfigurationPlatforms) = preSolution
		Debug|Any CPU = Debug|Any CPU
		Release|Any CPU = Release|Any CPU
	EndGlobalSection
	GlobalSection(ProjectConfigurationPlatforms) = postSolution
		{622756AD-5BB9-41D7-B5DF-87614DF8102E}.Debug|Any CPU.ActiveCfg = Debug|Any CPU
		{622756AD-5BB9-41D7-B5DF-87614DF8102E}.Debug|Any CPU.Build.0 = Debug|Any CPU
		{622756AD-5BB9-41D7-B5DF-87614DF8102E}.Release|Any CPU.ActiveCfg = Release|Any CPU
		{622756AD-5BB9-41D7-B5DF-87614DF8102E}.Release|Any CPU.Build.0 = Release|Any CPU
		{17351E36-4855-4A79-A171-D5F3DD9DEF55}.Debug|Any CPU.ActiveCfg = Debug|Any CPU
		{17351E36-4855-4A79-A171-D5F3DD9DEF55}.Debug|Any CPU.Build.0 = Debug|Any CPU
		{17351E36-4855-4A79-A171-D5F3DD9DEF55}.Release|Any CPU.ActiveCfg = Release|Any CPU
		{17351E36-4855-4A79-A171-D5F3DD9DEF55}.Release|Any CPU.Build.0 = Release|Any CPU
		{FD3865DC-0F4C-4076-8B21-44AC23601DE7}.Debug|Any CPU.ActiveCfg = Debug|Any CPU
		{FD3865DC-0F4C-4076-8B21-44AC23601DE7}.Debug|Any CPU.Build.0 = Debug|Any CPU
		{FD3865DC-0F4C-4076-8B21-44AC23601DE7}.Release|Any CPU.ActiveCfg = Release|Any CPU
		{FD3865DC-0F4C-4076-8B21-44AC23601DE7}.Release|Any CPU.Build.0 = Release|Any CPU
		{3C3A9434-B249-479E-8F41-1FAC76972DBE}.Debug|Any CPU.ActiveCfg = Debug|Any CPU
		{3C3A9434-B249-479E-8F41-1FAC76972DBE}.Debug|Any CPU.Build.0 = Debug|Any CPU
		{3C3A9434-B249-479E-8F41-1FAC76972DBE}.Release|Any CPU.ActiveCfg = Release|Any CPU
		{3C3A9434-B249-479E-8F41-1FAC76972DBE}.Release|Any CPU.Build.0 = Release|Any CPU
		{23CBC01F-BD6D-48E0-9685-71E8EBA58F04}.Debug|Any CPU.ActiveCfg = Debug|Any CPU
		{23CBC01F-BD6D-48E0-9685-71E8EBA58F04}.Debug|Any CPU.Build.0 = Debug|Any CPU
		{23CBC01F-BD6D-48E0-9685-71E8EBA58F04}.Release|Any CPU.ActiveCfg = Release|Any CPU
		{23CBC01F-BD6D-48E0-9685-71E8EBA58F04}.Release|Any CPU.Build.0 = Release|Any CPU
		{D384E0FD-D73C-4E6E-87C9-C7C38AA95E62}.Debug|Any CPU.ActiveCfg = Debug|Any CPU
		{D384E0FD-D73C-4E6E-87C9-C7C38AA95E62}.Debug|Any CPU.Build.0 = Debug|Any CPU
		{D384E0FD-D73C-4E6E-87C9-C7C38AA95E62}.Release|Any CPU.ActiveCfg = Release|Any CPU
		{D384E0FD-D73C-4E6E-87C9-C7C38AA95E62}.Release|Any CPU.Build.0 = Release|Any CPU
		{32886E03-E8E7-4CE4-9A75-5DF873F405DD}.Debug|Any CPU.ActiveCfg = Debug|Any CPU
		{32886E03-E8E7-4CE4-9A75-5DF873F405DD}.Debug|Any CPU.Build.0 = Debug|Any CPU
		{32886E03-E8E7-4CE4-9A75-5DF873F405DD}.Release|Any CPU.ActiveCfg = Release|Any CPU
		{32886E03-E8E7-4CE4-9A75-5DF873F405DD}.Release|Any CPU.Build.0 = Release|Any CPU
		{E74EDC2A-19F4-4F7A-A976-24B7F778C038}.Debug|Any CPU.ActiveCfg = Debug|Any CPU
		{E74EDC2A-19F4-4F7A-A976-24B7F778C038}.Debug|Any CPU.Build.0 = Debug|Any CPU
		{E74EDC2A-19F4-4F7A-A976-24B7F778C038}.Release|Any CPU.ActiveCfg = Release|Any CPU
		{E74EDC2A-19F4-4F7A-A976-24B7F778C038}.Release|Any CPU.Build.0 = Release|Any CPU
		{81186C3A-364D-49B6-AD26-B1E0C78A650A}.Debug|Any CPU.ActiveCfg = Debug|Any CPU
		{81186C3A-364D-49B6-AD26-B1E0C78A650A}.Debug|Any CPU.Build.0 = Debug|Any CPU
		{81186C3A-364D-49B6-AD26-B1E0C78A650A}.Release|Any CPU.ActiveCfg = Release|Any CPU
		{81186C3A-364D-49B6-AD26-B1E0C78A650A}.Release|Any CPU.Build.0 = Release|Any CPU
		{5951FDE8-EBAD-4580-9825-8ADBE222B1FB}.Debug|Any CPU.ActiveCfg = Debug|Any CPU
		{5951FDE8-EBAD-4580-9825-8ADBE222B1FB}.Debug|Any CPU.Build.0 = Debug|Any CPU
		{5951FDE8-EBAD-4580-9825-8ADBE222B1FB}.Release|Any CPU.ActiveCfg = Release|Any CPU
		{5951FDE8-EBAD-4580-9825-8ADBE222B1FB}.Release|Any CPU.Build.0 = Release|Any CPU
		{F9F45EB1-DEFF-4F35-8965-ED4F6CEA7606}.Debug|Any CPU.ActiveCfg = Debug|Any CPU
		{F9F45EB1-DEFF-4F35-8965-ED4F6CEA7606}.Debug|Any CPU.Build.0 = Debug|Any CPU
		{F9F45EB1-DEFF-4F35-8965-ED4F6CEA7606}.Release|Any CPU.ActiveCfg = Release|Any CPU
		{F9F45EB1-DEFF-4F35-8965-ED4F6CEA7606}.Release|Any CPU.Build.0 = Release|Any CPU
		{CC4BD8C8-3F5B-4BEA-8AEB-586C55EFF265}.Debug|Any CPU.ActiveCfg = Debug|Any CPU
		{CC4BD8C8-3F5B-4BEA-8AEB-586C55EFF265}.Debug|Any CPU.Build.0 = Debug|Any CPU
		{CC4BD8C8-3F5B-4BEA-8AEB-586C55EFF265}.Release|Any CPU.ActiveCfg = Release|Any CPU
		{CC4BD8C8-3F5B-4BEA-8AEB-586C55EFF265}.Release|Any CPU.Build.0 = Release|Any CPU
		{43BF0103-6B61-4D0A-A685-FB860D45CA20}.Debug|Any CPU.ActiveCfg = Debug|Any CPU
		{43BF0103-6B61-4D0A-A685-FB860D45CA20}.Debug|Any CPU.Build.0 = Debug|Any CPU
		{43BF0103-6B61-4D0A-A685-FB860D45CA20}.Release|Any CPU.ActiveCfg = Release|Any CPU
		{43BF0103-6B61-4D0A-A685-FB860D45CA20}.Release|Any CPU.Build.0 = Release|Any CPU
		{29C7C22A-110B-4DB1-BC1F-967A1D32C1AC}.Debug|Any CPU.ActiveCfg = Debug|Any CPU
		{29C7C22A-110B-4DB1-BC1F-967A1D32C1AC}.Debug|Any CPU.Build.0 = Debug|Any CPU
		{29C7C22A-110B-4DB1-BC1F-967A1D32C1AC}.Release|Any CPU.ActiveCfg = Release|Any CPU
		{29C7C22A-110B-4DB1-BC1F-967A1D32C1AC}.Release|Any CPU.Build.0 = Release|Any CPU
		{4AE6EFB9-7C5F-406C-92D3-7DD502CBB8F2}.Debug|Any CPU.ActiveCfg = Debug|Any CPU
		{4AE6EFB9-7C5F-406C-92D3-7DD502CBB8F2}.Debug|Any CPU.Build.0 = Debug|Any CPU
		{4AE6EFB9-7C5F-406C-92D3-7DD502CBB8F2}.Release|Any CPU.ActiveCfg = Release|Any CPU
		{4AE6EFB9-7C5F-406C-92D3-7DD502CBB8F2}.Release|Any CPU.Build.0 = Release|Any CPU
		{AE3DF3FE-CCCA-4879-AB08-E1AEB9807E69}.Debug|Any CPU.ActiveCfg = Debug|Any CPU
		{AE3DF3FE-CCCA-4879-AB08-E1AEB9807E69}.Debug|Any CPU.Build.0 = Debug|Any CPU
		{AE3DF3FE-CCCA-4879-AB08-E1AEB9807E69}.Release|Any CPU.ActiveCfg = Release|Any CPU
		{AE3DF3FE-CCCA-4879-AB08-E1AEB9807E69}.Release|Any CPU.Build.0 = Release|Any CPU
		{19D0007E-3B42-45CB-BD17-CB8802CD5FF9}.Debug|Any CPU.ActiveCfg = Debug|Any CPU
		{19D0007E-3B42-45CB-BD17-CB8802CD5FF9}.Debug|Any CPU.Build.0 = Debug|Any CPU
		{19D0007E-3B42-45CB-BD17-CB8802CD5FF9}.Release|Any CPU.ActiveCfg = Release|Any CPU
		{19D0007E-3B42-45CB-BD17-CB8802CD5FF9}.Release|Any CPU.Build.0 = Release|Any CPU
	EndGlobalSection
	GlobalSection(NestedProjects) = preSolution
		{FD3865DC-0F4C-4076-8B21-44AC23601DE7} = {A35F5D17-7524-40C4-903A-AC8B3BE7B09D}
		{3C3A9434-B249-479E-8F41-1FAC76972DBE} = {A35F5D17-7524-40C4-903A-AC8B3BE7B09D}
		{32886E03-E8E7-4CE4-9A75-5DF873F405DD} = {D520C80B-E3AA-44A5-9B1F-BAB55C4B9B8A}
		{D384E0FD-D73C-4E6E-87C9-C7C38AA95E62} = {D520C80B-E3AA-44A5-9B1F-BAB55C4B9B8A}
		{81186C3A-364D-49B6-AD26-B1E0C78A650A} = {D520C80B-E3AA-44A5-9B1F-BAB55C4B9B8A}
		{E74EDC2A-19F4-4F7A-A976-24B7F778C038} = {D520C80B-E3AA-44A5-9B1F-BAB55C4B9B8A}
		{622756AD-5BB9-41D7-B5DF-87614DF8102E} = {D520C80B-E3AA-44A5-9B1F-BAB55C4B9B8A}
		{5951FDE8-EBAD-4580-9825-8ADBE222B1FB} = {D520C80B-E3AA-44A5-9B1F-BAB55C4B9B8A}
		{F9F45EB1-DEFF-4F35-8965-ED4F6CEA7606} = {D520C80B-E3AA-44A5-9B1F-BAB55C4B9B8A}
		{43BF0103-6B61-4D0A-A685-FB860D45CA20} = {8CE8BF37-B11C-49F1-A975-37B113B66D2E}
		{29C7C22A-110B-4DB1-BC1F-967A1D32C1AC} = {D520C80B-E3AA-44A5-9B1F-BAB55C4B9B8A}
		{4AE6EFB9-7C5F-406C-92D3-7DD502CBB8F2} = {A35F5D17-7524-40C4-903A-AC8B3BE7B09D}
		{AE3DF3FE-CCCA-4879-AB08-E1AEB9807E69} = {D520C80B-E3AA-44A5-9B1F-BAB55C4B9B8A}
		{19D0007E-3B42-45CB-BD17-CB8802CD5FF9} = {D520C80B-E3AA-44A5-9B1F-BAB55C4B9B8A}
	EndGlobalSection
EndGlobal
