{
  "version": 1,
  "dependencies": {
    ".NETFramework,Version=v4.7.2": {
      "PropertyChanged.Fody": {
        "type": "Direct",
        "requested": "[4.1.0, )",
        "resolved": "4.1.0",
        "contentHash": "6v+f9cI8YjnZH2WBHuOqWEAo8DFFNGFIdU8xD3AsL6fhV6Y8oAmVWd7XKk49t8DpeUBwhR/X+97+6Epvek0Y3A==",
        "dependencies": {
          "Fody": "6.6.4"
        }
      },
      "Autofac": {
        "type": "Transitive",
        "resolved": "6.5.0",
        "contentHash": "sm6HWWBDEoTPGXeyOchMygJ/7L89VxmVH72BFxakG88J34AVjA8RMi5jbv3PdpUtXI/d9ZLKOaxCmOSIo2K4aA==",
        "dependencies": {
          "Microsoft.Bcl.AsyncInterfaces": "1.1.0",
          "System.Diagnostics.DiagnosticSource": "4.7.1"
        }
      },
      "Fody": {
        "type": "Transitive",
        "resolved": "6.6.4",
        "contentHash": "vLZS+oa+ndUHYPlx/8n9bBTT3dHkCF0riml4paKq4D663+cZd47x1uagQo32D/gKFZ/sfmV1oqKaLmH0elxq4A=="
      },
      "HtmlAgilityPack": {
        "type": "Transitive",
        "resolved": "1.11.46",
        "contentHash": "dLMn4EVfJBHWmWK4Uh0XGD76FPLHI0qr2Tm0s1m/xmgiHb1JUb9zB8AzO8HtrkBBlMN6JfCUBYddhqC0hZNR+g=="
      },
      "MahApps.Metro.IconPacks": {
        "type": "Transitive",
        "resolved": "4.11.0",
        "contentHash": "hanveh4ZZLYZ00ONrwjyzDJnekxWcgFQ7rHHrmC7GppO3js3tAEhmW+lo0rNgG4naxkggEYZFLeH+rxeJLMSuQ=="
      },
      "Mead.MusicBee": {
        "type": "Transitive",
        "resolved": "1.1.1",
        "contentHash": "CibfHF0f3boyoUDYWCBqHgn/EOi5dbyDzxL50mIQ61eVlP2e1ipcGBQFjEKZK7xCZMVtOyhSvma6xU5gZEBmcw=="
      },
      "Mead.MusicBee.Api": {
        "type": "Transitive",
        "resolved": "1.0.0",
        "contentHash": "8Wo1JNU+NBPuFt975jCKZwM+HIq+XZl7dB7dTyOOqC9hFKHd6rTH8w1sD/5h2ZcNcU3TECnlKxbP9H43LPdEwA==",
        "dependencies": {
          "Mead.MusicBee": "1.1.1"
        }
      },
      "Mead.MusicBee.Api.Autofac.DependencyInjection": {
        "type": "Transitive",
        "resolved": "1.0.1",
        "contentHash": "dYqF1cgxyUbl1C7hu1SDi1LjqG6AaAC9Y0T5qg10UxVvv2lknKzjfAHxCogJSJD/b8JIuxShuYhm2GdSfMowTQ==",
        "dependencies": {
          "Autofac": "6.5.0",
          "Mead.MusicBee.Api": "1.0.0"
        }
      },
      "Microsoft.Bcl.AsyncInterfaces": {
        "type": "Transitive",
        "resolved": "6.0.0",
        "contentHash": "UcSjPsst+DfAdJGVDsu346FX0ci0ah+lw3WRtn18NUwEqRt70HaOQ7lI72vy3+1LxtqI3T5GWwV39rQSrCzAeg==",
        "dependencies": {
          "System.Threading.Tasks.Extensions": "4.5.4"
        }
      },
      "Microsoft.Extensions.DependencyInjection": {
        "type": "Transitive",
        "resolved": "6.0.1",
        "contentHash": "vWXPg3HJQIpZkENn1KWq8SfbqVujVD7S7vIAyFXXqK5xkf1Vho+vG0bLBCHxU36lD1cLLtmGpfYf0B3MYFi9tQ==",
        "dependencies": {
          "Microsoft.Bcl.AsyncInterfaces": "6.0.0",
          "Microsoft.Extensions.DependencyInjection.Abstractions": "6.0.0",
          "System.Runtime.CompilerServices.Unsafe": "6.0.0",
          "System.Threading.Tasks.Extensions": "4.5.4"
        }
      },
      "Microsoft.Extensions.DependencyInjection.Abstractions": {
        "type": "Transitive",
        "resolved": "6.0.0",
        "contentHash": "xlzi2IYREJH3/m6+lUrQlujzX8wDitm4QGnUu6kUXTQAWPuZY8i+ticFJbzfqaetLA6KR/rO6Ew/HuYD+bxifg==",
        "dependencies": {
          "Microsoft.Bcl.AsyncInterfaces": "6.0.0",
          "System.Threading.Tasks.Extensions": "4.5.4"
        }
      },
      "Microsoft.Extensions.Logging.Abstractions": {
        "type": "Transitive",
        "resolved": "6.0.2",
        "contentHash": "pwXCZKaA7m5wgmCj49dW+H1RPSY7U62SKLTQYCcavf/k3Nyt/WnBgAjG4jMGnwy9rElfAZ2KvxvM5CJzJWG0hg==",
        "dependencies": {
          "System.Buffers": "4.5.1",
          "System.Memory": "4.5.4"
        }
      },
      "Microsoft.NETCore.Platforms": {
        "type": "Transitive",
        "resolved": "7.0.0",
        "contentHash": "ZmCEGPLRDVy0WF6erzJw0G+puBM6s2DxRzRqvYvgHmXE6e34P0HVRtNl6s3nKKSDkD3DQH1QLKWL7fKe3GBSUA=="
      },
      "morelinq": {
        "type": "Transitive",
        "resolved": "3.3.2",
        "contentHash": "MQc8GppZJLmjvcpEdf3EkC6ovsp7gRWt2e5mC7dcIOrgwSc+yjFd3JQ0iRqr3XrUT6rb/phv0IkEmBtbfVA7AQ==",
        "dependencies": {
          "System.ValueTuple": "4.5.0"
        }
      },
      "Newtonsoft.Json": {
        "type": "Transitive",
        "resolved": "13.0.2",
        "contentHash": "R2pZ3B0UjeyHShm9vG+Tu0EBb2lC8b0dFzV9gVn50ofHXh9Smjk6kTn7A/FdAsC8B5cKib1OnGYOXxRBz5XQDg=="
      },
      "protobuf-net": {
        "type": "Transitive",
        "resolved": "3.1.25",
        "contentHash": "vej8g3+5KpwuwA20xoOMJK9nUM/hr7maSu56pIqItmX28JbXF0co1/pD6Mg84+mhLYRQpKiSlOxIDvtaYojKWA==",
        "dependencies": {
          "System.Memory": "4.5.4",
          "protobuf-net.Core": "3.1.25"
        }
      },
      "protobuf-net.Core": {
        "type": "Transitive",
        "resolved": "3.1.25",
        "contentHash": "LqDpeU+rbzO/uD2iYUBIGCgaeCBrxwmCDGVmUNZ67yShrGLlLJHwFMcDsGZUCxE2iHdRJawMUkTfs3HYIXiqWg==",
        "dependencies": {
          "System.Collections.Immutable": "1.7.1",
          "System.Memory": "4.5.4"
        }
      },
      "System.Buffers": {
        "type": "Transitive",
        "resolved": "4.5.1",
        "contentHash": "Rw7ijyl1qqRS0YQD/WycNst8hUUMgrMH4FCn1nNm27M4VxchZ1js3fVjQaANHO5f3sN4isvP4a+Met9Y4YomAg=="
      },
      "System.Collections.Immutable": {
        "type": "Transitive",
        "resolved": "1.7.1",
        "contentHash": "B43Zsz5EfMwyEbnObwRxW5u85fzJma3lrDeGcSAV1qkhSRTNY5uXAByTn9h9ddNdhM+4/YoLc/CI43umjwIl9Q==",
        "dependencies": {
          "System.Memory": "4.5.4"
        }
      },
      "System.Diagnostics.DiagnosticSource": {
        "type": "Transitive",
        "resolved": "4.7.1",
        "contentHash": "j81Lovt90PDAq8kLpaJfJKV/rWdWuEk6jfV+MBkee33vzYLEUsy4gXK8laa9V2nZlLM9VM9yA/OOQxxPEJKAMw==",
        "dependencies": {
          "System.Memory": "4.5.4"
        }
      },
      "System.IO": {
        "type": "Transitive",
        "resolved": "4.3.0",
        "contentHash": "Le92fHeEvHQpjTwUTX9w6uUqIWNQdGzy5/dC2e9HkQn6RcRYGIifvw/SfTXi/ujShqi6LW1+1Y2/Vw4FCV0vOA=="
      },
      "System.Linq.Async": {
        "type": "Transitive",
        "resolved": "6.0.1",
        "contentHash": "0YhHcaroWpQ9UCot3Pizah7ryAzQhNvobLMSxeDIGmnXfkQn8u5owvpOH0K6EVB+z9L7u6Cc4W17Br/+jyttEQ==",
        "dependencies": {
          "Microsoft.Bcl.AsyncInterfaces": "6.0.0"
        }
      },
      "System.Memory": {
        "type": "Transitive",
        "resolved": "4.5.4",
        "contentHash": "1MbJTHS1lZ4bS4FmsJjnuGJOu88ZzTT2rLvrhW7Ygic+pC0NWA+3hgAen0HRdsocuQXCkUTdFn9yHJJhsijDXw==",
        "dependencies": {
          "System.Buffers": "4.5.1",
          "System.Numerics.Vectors": "4.5.0",
          "System.Runtime.CompilerServices.Unsafe": "4.5.3"
        }
      },
      "System.Net.Http": {
        "type": "Transitive",
        "resolved": "4.3.4",
        "contentHash": "aOa2d51SEbmM+H+Csw7yJOuNZoHkrP2XnAurye5HWYgGVVU54YZDvsLUYRv6h18X3sPnjNCANmN7ZhIPiqMcjA==",
        "dependencies": {
          "System.Security.Cryptography.X509Certificates": "4.3.0"
        }
      },
      "System.Numerics.Vectors": {
        "type": "Transitive",
        "resolved": "4.5.0",
        "contentHash": "QQTlPTl06J/iiDbJCiepZ4H//BVraReU4O4EoRw1U02H5TLUIT7xn3GnDp9AXPSlJUDyFs4uWjWafNX6WrAojQ=="
      },
      "System.Runtime": {
        "type": "Transitive",
        "resolved": "4.3.0",
        "contentHash": "9ymYzgC1h74KrnUk4gDQFeaqFFN07XdGXL9R/L3KTX45hhzSd/EuisbsHSgqJdjiWBfRfIN+PuEKhtJusTXT9g=="
      },
      "System.Runtime.CompilerServices.Unsafe": {
        "type": "Transitive",
        "resolved": "6.0.0",
        "contentHash": "/iUeP3tq1S0XdNNoMz5C9twLSrM/TH+qElHkXWaPvuNOt+99G75NrV0OS2EqHx5wMN7popYjpc8oTjC1y16DLg=="
      },
      "System.Security.Cryptography.Algorithms": {
        "type": "Transitive",
        "resolved": "4.3.0",
        "contentHash": "W1kd2Y8mYSCgc3ULTAZ0hOP2dSdG5YauTb1089T0/kRcN2MpSAW1izOFROrJgxSlMn3ArsgHXagigyi+ibhevg==",
        "dependencies": {
          "System.IO": "4.3.0",
          "System.Runtime": "4.3.0",
          "System.Security.Cryptography.Encoding": "4.3.0",
          "System.Security.Cryptography.Primitives": "4.3.0"
        }
      },
      "System.Security.Cryptography.Encoding": {
        "type": "Transitive",
        "resolved": "4.3.0",
        "contentHash": "1DEWjZZly9ae9C79vFwqaO5kaOlI5q+3/55ohmq/7dpDyDfc8lYe7YVxJUZ5MF/NtbkRjwFRo14yM4OEo9EmDw=="
      },
      "System.Security.Cryptography.Primitives": {
        "type": "Transitive",
        "resolved": "4.3.0",
        "contentHash": "7bDIyVFNL/xKeFHjhobUAQqSpJq9YTOpbEs6mR233Et01STBMXNAc/V+BM6dwYGc95gVh/Zf+iVXWzj3mE8DWg=="
      },
      "System.Security.Cryptography.X509Certificates": {
        "type": "Transitive",
        "resolved": "4.3.0",
        "contentHash": "t2Tmu6Y2NtJ2um0RtcuhP7ZdNNxXEgUm2JeoA/0NvlMjAhKCnM1NX07TDl3244mVp3QU6LPEhT3HTtH1uF7IYw==",
        "dependencies": {
          "System.Security.Cryptography.Algorithms": "4.3.0",
          "System.Security.Cryptography.Encoding": "4.3.0"
        }
      },
      "System.Text.Encoding.CodePages": {
        "type": "Transitive",
        "resolved": "6.0.0",
        "contentHash": "ZFCILZuOvtKPauZ/j/swhvw68ZRi9ATCfvGbk1QfydmcXBkIWecWKn/250UH7rahZ5OoDBaiAudJtPvLwzw85A==",
        "dependencies": {
          "System.Memory": "4.5.4",
          "System.Runtime.CompilerServices.Unsafe": "6.0.0"
        }
      },
      "System.Threading.Tasks.Extensions": {
        "type": "Transitive",
        "resolved": "4.5.4",
        "contentHash": "zteT+G8xuGu6mS+mzDzYXbzS7rd3K6Fjb9RiZlYlJPam2/hU7JCBZBVEcywNuR+oZ1ncTvc/cq0faRr3P01OVg==",
        "dependencies": {
          "System.Runtime.CompilerServices.Unsafe": "4.5.3"
        }
      },
      "System.ValueTuple": {
        "type": "Transitive",
        "resolved": "4.5.0",
        "contentHash": "okurQJO6NRE/apDIP23ajJ0hpiNmJ+f0BwOlB/cSqTLQlw5upkf+5+96+iG2Jw40G1fCVCyPz/FhIABUjMR+RQ=="
      },
      "VkNet": {
        "type": "Transitive",
        "resolved": "1.72.0",
        "contentHash": "/3RfpiMQVnVASxSKZqQdOpRcGne9MjyVka4s5yEPVfDvo2jU9TCJ/1NDT4lE1g0OoaearL39DWJThh7qP515iw==",
        "dependencies": {
          "HtmlAgilityPack": "1.11.46",
          "Microsoft.Extensions.DependencyInjection": "6.0.1",
          "Microsoft.Extensions.Logging.Abstractions": "6.0.2",
          "Newtonsoft.Json": "13.0.1",
          "System.Text.Encoding.CodePages": "6.0.0"
        }
      },
      "VkNet.AudioBypassService": {
        "type": "Transitive",
        "resolved": "1.7.4",
        "contentHash": "t0TBi7/GMS7VWPW1DWl4A2ctXU6h+PoLqAFzMtdGVqHKxsqcrOtKvQekADSHPHXATtBp3kC69K5MQ+GNcQohGA==",
        "dependencies": {
          "VkNet": "1.72.0",
          "protobuf-net": "3.1.25"
        }
      },
      "WindowsAPICodePack": {
        "type": "Transitive",
        "resolved": "7.0.1",
        "contentHash": "fwackKUkIUaC3kDwTXxmVyfXIYojfdJ0Q8Lbp1dW5iIxJRhOvKKJKZRD3HiIO0aTGLhV2QkxV5oTIkTdAb3Zog==",
        "dependencies": {
          "Microsoft.NETCore.Platforms": "7.0.0",
          "System.Net.Http": "4.3.4"
        }
      },
      "hackmodule.assemblybindingredirect": {
        "type": "Project"
      },
      "module.artworkssearcher": {
        "type": "Project",
        "dependencies": {
          "Autofac": "[6.5.0, )",
          "Module.Core": "[1.0.0, )",
          "Module.Mvvm.Extension": "[1.0.0, )",
          "Module.Settings.Gui": "[1.0.0, )",
          "System.Linq.Async": "[6.0.1, )",
          "morelinq": "[3.3.2, )"
        }
      },
      "module.audiosourcescomparer": {
        "type": "Project",
        "dependencies": {
          "MahApps.Metro.IconPacks": "[4.11.0, )",
          "Mead.MusicBee.Api": "[1.0.0, )",
          "Module.Mvvm.Extension": "[1.0.0, )",
          "Module.Vk": "[1.0.0, )",
          "VkNet": "[1.72.0, )"
        }
      },
      "module.core": {
        "type": "Project",
        "dependencies": {
          "MahApps.Metro.IconPacks": "[4.11.0, )",
          "System.Linq.Async": "[6.0.1, )"
        }
      },
      "module.dataexporter": {
        "type": "Project",
        "dependencies": {
          "Autofac": "[6.5.0, )",
          "Mead.MusicBee.Api": "[1.0.0, )",
          "Newtonsoft.Json": "[13.0.2, )"
        }
      },
      "module.inboxadder": {
        "type": "Project",
        "dependencies": {
          "Mead.MusicBee": "[1.1.1, )",
          "Module.MusicBee.Extension": "[1.0.0, )"
        }
      },
      "module.musicbee.extension": {
        "type": "Project",
        "dependencies": {
          "Autofac": "[6.5.0, )",
          "Mead.MusicBee.Api": "[1.0.0, )",
          "Mead.MusicBee.Api.Autofac.DependencyInjection": "[1.0.1, )"
        }
      },
      "module.mvvm.extension": {
        "type": "Project"
      },
      "module.playlistsexporter": {
        "type": "Project",
        "dependencies": {
          "Mead.MusicBee.Api": "[1.0.0, )",
          "Module.Core": "[1.0.0, )",
          "Module.Settings.Gui": "[1.0.0, )",
          "morelinq": "[3.3.2, )"
        }
      },
      "module.settings": {
        "type": "Project",
        "dependencies": {
          "Module.MusicBee.Extension": "[1.0.0, )",
          "Newtonsoft.Json": "[13.0.2, )"
        }
      },
      "module.settings.gui": {
        "type": "Project",
        "dependencies": {
          "Module.Mvvm.Extension": "[1.0.0, )",
          "Module.Settings": "[1.0.0, )"
        }
      },
      "module.vk": {
        "type": "Project",
        "dependencies": {
          "Module.Core": "[1.0.0, )",
          "Module.Settings.Gui": "[1.0.0, )",
          "VkNet": "[1.72.0, )",
          "VkNet.AudioBypassService": "[1.7.4, )"
        }
      },
      "module.vkaudiodownloader": {
        "type": "Project",
        "dependencies": {
          "MahApps.Metro.IconPacks": "[4.11.0, )",
          "Mead.MusicBee.Api": "[1.0.0, )",
          "Module.Mvvm.Extension": "[1.0.0, )",
          "Module.Vk": "[1.0.0, )",
          "WindowsAPICodePack": "[7.0.1, )"
        }
      }
    }
  }
}