{
  "version": 1,
  "dependencies": {
    ".NETFramework,Version=v4.7.2": {
      "PropertyChanged.Fody": {
        "type": "Direct",
        "requested": "[4.1.0, )",
        "resolved": "4.1.0",
        "contentHash": "6v+f9cI8YjnZH2WBHuOqWEAo8DFFNGFIdU8xD3AsL6fhV6Y8oAmVWd7XKk49t8DpeUBwhR/X+97+6Epvek0Y3A==",
        "dependencies": {
          "Fody": "6.6.4"
        }
      },
      "Fody": {
        "type": "Transitive",
        "resolved": "6.6.4",
        "contentHash": "vLZS+oa+ndUHYPlx/8n9bBTT3dHkCF0riml4paKq4D663+cZd47x1uagQo32D/gKFZ/sfmV1oqKaLmH0elxq4A=="
      },
      "Newtonsoft.Json": {
        "type": "Transitive",
        "resolved": "13.0.2",
        "contentHash": "R2pZ3B0UjeyHShm9vG+Tu0EBb2lC8b0dFzV9gVn50ofHXh9Smjk6kTn7A/FdAsC8B5cKib1OnGYOXxRBz5XQDg=="
      },
      "module.musicbee.extension": {
        "type": "Project"
      },
      "module.mvvm.extension": {
        "type": "Project"
      },
      "module.settings": {
        "type": "Project",
        "dependencies": {
          "Module.MusicBee.Extension": "[1.0.0, )",
          "Newtonsoft.Json": "[13.0.2, )"
        }
      }
    }
  }
}