{
  "version": 1,
  "dependencies": {
    ".NETFramework,Version=v4.7.2": {
      "morelinq": {
        "type": "Direct",
        "requested": "[3.3.2, )",
        "resolved": "3.3.2",
        "contentHash": "MQc8GppZJLmjvcpEdf3EkC6ovsp7gRWt2e5mC7dcIOrgwSc+yjFd3JQ0iRqr3XrUT6rb/phv0IkEmBtbfVA7AQ==",
        "dependencies": {
          "System.ValueTuple": "4.5.0"
        }
      },
      "Fody": {
        "type": "Transitive",
        "resolved": "6.6.4",
        "contentHash": "vLZS+oa+ndUHYPlx/8n9bBTT3dHkCF0riml4paKq4D663+cZd47x1uagQo32D/gKFZ/sfmV1oqKaLmH0elxq4A=="
      },
      "Microsoft.Bcl.AsyncInterfaces": {
        "type": "Transitive",
        "resolved": "6.0.0",
        "contentHash": "UcSjPsst+DfAdJGVDsu346FX0ci0ah+lw3WRtn18NUwEqRt70HaOQ7lI72vy3+1LxtqI3T5GWwV39rQSrCzAeg==",
        "dependencies": {
          "System.Threading.Tasks.Extensions": "4.5.4"
        }
      },
      "Newtonsoft.Json": {
        "type": "Transitive",
        "resolved": "13.0.2",
        "contentHash": "R2pZ3B0UjeyHShm9vG+Tu0EBb2lC8b0dFzV9gVn50ofHXh9Smjk6kTn7A/FdAsC8B5cKib1OnGYOXxRBz5XQDg=="
      },
      "PropertyChanged.Fody": {
        "type": "Transitive",
        "resolved": "4.1.0",
        "contentHash": "6v+f9cI8YjnZH2WBHuOqWEAo8DFFNGFIdU8xD3AsL6fhV6Y8oAmVWd7XKk49t8DpeUBwhR/X+97+6Epvek0Y3A==",
        "dependencies": {
          "Fody": "6.6.4"
        }
      },
      "System.Linq.Async": {
        "type": "Transitive",
        "resolved": "6.0.1",
        "contentHash": "0YhHcaroWpQ9UCot3Pizah7ryAzQhNvobLMSxeDIGmnXfkQn8u5owvpOH0K6EVB+z9L7u6Cc4W17Br/+jyttEQ==",
        "dependencies": {
          "Microsoft.Bcl.AsyncInterfaces": "6.0.0"
        }
      },
      "System.Runtime.CompilerServices.Unsafe": {
        "type": "Transitive",
        "resolved": "4.5.3",
        "contentHash": "3TIsJhD1EiiT0w2CcDMN/iSSwnNnsrnbzeVHSKkaEgV85txMprmuO+Yq2AdSbeVGcg28pdNDTPK87tJhX7VFHw=="
      },
      "System.Threading.Tasks.Extensions": {
        "type": "Transitive",
        "resolved": "4.5.4",
        "contentHash": "zteT+G8xuGu6mS+mzDzYXbzS7rd3K6Fjb9RiZlYlJPam2/hU7JCBZBVEcywNuR+oZ1ncTvc/cq0faRr3P01OVg==",
        "dependencies": {
          "System.Runtime.CompilerServices.Unsafe": "4.5.3"
        }
      },
      "System.ValueTuple": {
        "type": "Transitive",
        "resolved": "4.5.0",
        "contentHash": "okurQJO6NRE/apDIP23ajJ0hpiNmJ+f0BwOlB/cSqTLQlw5upkf+5+96+iG2Jw40G1fCVCyPz/FhIABUjMR+RQ=="
      },
      "module.musicbee.extension": {
        "type": "Project"
      },
      "module.mvvm.extension": {
        "type": "Project"
      },
      "module.settings": {
        "type": "Project",
        "dependencies": {
          "Module.MusicBee.Extension": "[1.0.0, )",
          "Newtonsoft.Json": "[13.0.2, )"
        }
      },
      "module.settings.gui": {
        "type": "Project",
        "dependencies": {
          "Module.Mvvm.Extension": "[1.0.0, )",
          "Module.Settings": "[1.0.0, )",
          "PropertyChanged.Fody": "[4.1.0, )"
        }
      },
      "root": {
        "type": "Project",
        "dependencies": {
          "System.Linq.Async": "[6.0.1, )"
        }
      }
    }
  }
}