{
  "version": 1,
  "dependencies": {
    ".NETFramework,Version=v4.7.2": {
      "Mead.MusicBee.Api": {
        "type": "Direct",
        "requested": "[1.0.0, )",
        "resolved": "1.0.0",
        "contentHash": "8Wo1JNU+NBPuFt975jCKZwM+HIq+XZl7dB7dTyOOqC9hFKHd6rTH8w1sD/5h2ZcNcU3TECnlKxbP9H43LPdEwA==",
        "dependencies": {
          "Mead.MusicBee": "1.1.1"
        }
      },
      "Mead.MusicBee": {
        "type": "Transitive",
        "resolved": "1.1.1",
        "contentHash": "CibfHF0f3boyoUDYWCBqHgn/EOi5dbyDzxL50mIQ61eVlP2e1ipcGBQFjEKZK7xCZMVtOyhSvma6xU5gZEBmcw=="
      }
    }
  }
}