{
  "version": 1,
  "dependencies": {
    ".NETFramework,Version=v4.7.2": {
      "Mead.MusicBee.MetaInfo": {
        "type": "Direct",
        "requested": "[1.0.1, )",
        "resolved": "1.0.1",
        "contentHash": "gRP1AU0vzCnMw9jgZ/76ClQ3rtCvVW3LJyCVF64/+lGbCjjOSsl0OzOXalGmAAF6dcJ0T1DICeZf+iUO/9k58Q==",
        "dependencies": {
          "Mead.MusicBee": "1.1.1"
        }
      },
      "Mead.MusicBee": {
        "type": "Transitive",
        "resolved": "1.1.1",
        "contentHash": "CibfHF0f3boyoUDYWCBqHgn/EOi5dbyDzxL50mIQ61eVlP2e1ipcGBQFjEKZK7xCZMVtOyhSvma6xU5gZEBmcw=="
      }
    }
  }
}