{
  "version": 1,
  "dependencies": {
    ".NETFramework,Version=v4.7.2": {
      "Mead.MusicBee.MetaInfo": {
        "type": "Direct",
        "requested": "[1.0.0, )",
        "resolved": "1.0.0",
        "contentHash": "mHfziOp19LaHWg1k6I+9fPVbt7thZ4VMQpUks31apqP8b51GpF/IVHGDlWRu2eoa4NHNCIdhxudEBMI1ud/c+A==",
        "dependencies": {
          "Mead.MusicBee": "1.1.1"
        }
      },
      "Mead.MusicBee": {
        "type": "Transitive",
        "resolved": "1.1.1",
        "contentHash": "CibfHF0f3boyoUDYWCBqHgn/EOi5dbyDzxL50mIQ61eVlP2e1ipcGBQFjEKZK7xCZMVtOyhSvma6xU5gZEBmcw=="
      }
    }
  }
}